PODS:
  - ModernAVPlayer/Core (1.2.0)
  - ModernAVPlayer/RxSwift (1.2.0):
    - ModernAVPlayer/Core
    - RxCocoa (~> 4.5)
    - RxSwift (~> 4.5)
  - Nimble (8.0.1)
  - Quick (2.0.0)
  - RxCocoa (4.5.0):
    - RxSwift (>= 4.4.2, ~> 4.4)
  - RxSwift (4.5.0)
  - Sourcery (0.16.0)
  - SwiftLint (0.27.0)
  - SwiftyMocky (3.2.0):
    - SwiftyMocky/Core (= 3.2.0)
  - SwiftyMocky/Core (3.2.0):
    - Sourcery (> 0.16)

DEPENDENCIES:
  - ModernAVPlayer/RxSwift (from `.`)
  - Nimble (= 8.0.1)
  - Quick (= 2.0.0)
  - SwiftLint (= 0.27.0)
  - SwiftyMocky (= 3.2.0)

SPEC REPOS:
  https://github.com/cocoapods/specs.git:
    - Nimble
    - Quick
    - RxCocoa
    - RxSwift
    - Sourcery
    - SwiftLint
    - SwiftyMocky

EXTERNAL SOURCES:
  ModernAVPlayer:
    :path: "."

SPEC CHECKSUMS:
  ModernAVPlayer: 81b9e436bc16b8e530abc448eaeadf2bd97be597
  Nimble: 45f786ae66faa9a709624227fae502db55a8bdd0
  Quick: ce1276c7c27ba2da3cb2fd0cde053c3648b3b22d
  RxCocoa: cbf70265dc65a981d4ac982e513c10cf23df24a0
  RxSwift: f172070dfd1a93d70a9ab97a5a01166206e1c575
  Sourcery: 3e55aad9719ee5782ab81eb16addd44d272e4d13
  SwiftLint: 3207c1faa2240bf8973b191820a116113cd11073
  SwiftyMocky: 20ee055796bb023142e83a23bee86d43ecb6c29a

PODFILE CHECKSUM: 9eb04cf793d63bd71ca4f9c9a7ce2aaabfba6b3c

COCOAPODS: 1.6.1
