PODS:
  - ModernAVPlayer/Core (0.17.0)
  - ModernAVPlayer/RxSwift (0.17.0):
    - ModernAVPlayer/Core
    - RxCocoa (~> 4.0)
    - RxSwift (~> 4.0)
  - Nimble (7.3.0)
  - Quick (1.3.1)
  - RxCocoa (4.3.0):
    - RxSwift (~> 4.0)
  - RxSwift (4.3.0)
  - Sourcery (0.15.0)
  - SwiftLint (0.27.0)
  - SwiftyMocky (3.0.0):
    - SwiftyMocky/Core (= 3.0.0)
  - SwiftyMocky/Core (3.0.0):
    - Sourcery

DEPENDENCIES:
  - ModernAVPlayer/RxSwift (from `.`)
  - Nimble (= 7.3.0)
  - Quick (= 1.3.1)
  - SwiftLint (= 0.27.0)
  - SwiftyMocky (= 3.0.0)

SPEC REPOS:
  https://github.com/cocoapods/specs.git:
    - Nimble
    - Quick
    - RxCocoa
    - RxSwift
    - Sourcery
    - SwiftLint
    - SwiftyMocky

EXTERNAL SOURCES:
  ModernAVPlayer:
    :path: "."

SPEC CHECKSUMS:
  ModernAVPlayer: bc9a906f2fa6b2a4c0bdcfd067ef3e229e940ec3
  Nimble: c8d6a1f463701921c46de965c673e13cafa09196
  Quick: d17304d58d0d169dd0bd1c6e5c28e3318de32a1a
  RxCocoa: 71b9cce833fbcb89a8eec11816dd225830c2bd3c
  RxSwift: a9717a34df3179fe63563f76e046ad345078dd3a
  Sourcery: 5895672cae353cdbfa95f3f4aaeb75a664d76f6a
  SwiftLint: 3207c1faa2240bf8973b191820a116113cd11073
  SwiftyMocky: b3580655f96a5835a802bbfd8da9570cda0c285e

PODFILE CHECKSUM: 08a752c43640a2e19c21d3c7ba171963a0259701

COCOAPODS: 1.5.3
