// !$*UTF8*$!
{
	archiveVersion = 1;
	classes = {
	};
	objectVersion = 46;
	objects = {

/* Begin PBXBuildFile section */
		04FD95BC256511D3003AD795 /* AppDelegate.swift in Sources */ = {isa = PBXBuildFile; fileRef = 04FD95BB256511D3003AD795 /* AppDelegate.swift */; };
		04FD95BE256511D3003AD795 /* SimpleVideo.swift in Sources */ = {isa = PBXBuildFile; fileRef = 04FD95BD256511D3003AD795 /* SimpleVideo.swift */; };
		04FD95C1256511D3003AD795 /* SimpleVideo.storyboard in Resources */ = {isa = PBXBuildFile; fileRef = 04FD95BF256511D3003AD795 /* SimpleVideo.storyboard */; };
		04FD95C3256511D6003AD795 /* Assets.xcassets in Resources */ = {isa = PBXBuildFile; fileRef = 04FD95C2256511D6003AD795 /* Assets.xcassets */; };
		04FD95C6256511D6003AD795 /* LaunchScreen.storyboard in Resources */ = {isa = PBXBuildFile; fileRef = 04FD95C4256511D6003AD795 /* LaunchScreen.storyboard */; };
		04FD95DE25652517003AD795 /* AVPlayerView.swift in Sources */ = {isa = PBXBuildFile; fileRef = E1CE54A8236BBCE0009A5236 /* AVPlayerView.swift */; };
		04FD95FE25652878003AD795 /* PlayerConfigurationExample.swift in Sources */ = {isa = PBXBuildFile; fileRef = E10B20E621C9557E00924E1D /* PlayerConfigurationExample.swift */; };
		04FD960225652895003AD795 /* MediaResource.swift in Sources */ = {isa = PBXBuildFile; fileRef = E191052E23527A3100E440C7 /* MediaResource.swift */; };
		2CCB467CEDD8EBB279B013EF /* Pods_ModernAVPlayer_Example_tvOS.framework in Frameworks */ = {isa = PBXBuildFile; fileRef = 56AAFD6CCE33451C03D17D30 /* Pods_ModernAVPlayer_Example_tvOS.framework */; };
		45494C7B209378B3005C3DE2 /* ItemPlaybackObservingServiceTests.swift in Sources */ = {isa = PBXBuildFile; fileRef = 45494C7A209378B2005C3DE2 /* ItemPlaybackObservingServiceTests.swift */; };
		45D49A5F2093656100F63ACF /* MockObservingRateService.swift in Sources */ = {isa = PBXBuildFile; fileRef = 45D49A5E2093656100F63ACF /* MockObservingRateService.swift */; };
		45D49A6320936CC100F63ACF /* MockItemPlaybackObservingService.swift in Sources */ = {isa = PBXBuildFile; fileRef = 45D49A6220936CC100F63ACF /* MockItemPlaybackObservingService.swift */; };
		607FACD61AFB9204008FA782 /* AppDelegate.swift in Sources */ = {isa = PBXBuildFile; fileRef = 607FACD51AFB9204008FA782 /* AppDelegate.swift */; };
		607FACDD1AFB9204008FA782 /* Images.xcassets in Resources */ = {isa = PBXBuildFile; fileRef = 607FACDC1AFB9204008FA782 /* Images.xcassets */; };
		607FACE01AFB9204008FA782 /* LaunchScreen.xib in Resources */ = {isa = PBXBuildFile; fileRef = 607FACDE1AFB9204008FA782 /* LaunchScreen.xib */; };
		E1050F76207A44B100A7F540 /* PlayerContextTests.swift in Sources */ = {isa = PBXBuildFile; fileRef = E1050F75207A44B100A7F540 /* PlayerContextTests.swift */; };
		E10B20E521C94F7400924E1D /* RemoteCommandExample.swift in Sources */ = {isa = PBXBuildFile; fileRef = E10B20E421C94F7400924E1D /* RemoteCommandExample.swift */; };
		E10B20E721C9557E00924E1D /* PlayerConfigurationExample.swift in Sources */ = {isa = PBXBuildFile; fileRef = E10B20E621C9557E00924E1D /* PlayerConfigurationExample.swift */; };
		E112DB452079359D00DB69E8 /* Main.storyboard in Resources */ = {isa = PBXBuildFile; fileRef = E112DB442079359D00DB69E8 /* Main.storyboard */; };
		E112DB482079365B00DB69E8 /* AllNew.mp3 in Resources */ = {isa = PBXBuildFile; fileRef = E112DB472079365B00DB69E8 /* AllNew.mp3 */; };
		E116E2AB2478863300039943 /* AudioQueueRemoteExample.swift in Sources */ = {isa = PBXBuildFile; fileRef = E116E2AA2478863300039943 /* AudioQueueRemoteExample.swift */; };
		E116E2AD24788ED900039943 /* AudioQueueResource.swift in Sources */ = {isa = PBXBuildFile; fileRef = E116E2AC24788ED900039943 /* AudioQueueResource.swift */; };
		E116E2AF24788F4300039943 /* AudioQueueLibrary.swift in Sources */ = {isa = PBXBuildFile; fileRef = E116E2AE24788F4300039943 /* AudioQueueLibrary.swift */; };
		E116E2B3247896C000039943 /* SampleA.mp3 in Resources */ = {isa = PBXBuildFile; fileRef = E116E2B0247896C000039943 /* SampleA.mp3 */; };
		E116E2B4247896C000039943 /* SampleB.mp3 in Resources */ = {isa = PBXBuildFile; fileRef = E116E2B1247896C000039943 /* SampleB.mp3 */; };
		E116E2B5247896C000039943 /* SampleC.mp3 in Resources */ = {isa = PBXBuildFile; fileRef = E116E2B2247896C000039943 /* SampleC.mp3 */; };
		E11EE8C8216CEA8600ABF06B /* PluginPausedStateSpecs.swift in Sources */ = {isa = PBXBuildFile; fileRef = E11EE8C6216CEA8200ABF06B /* PluginPausedStateSpecs.swift */; };
		E11EE8CA216CF43400ABF06B /* MatchPlayerMedia.swift in Sources */ = {isa = PBXBuildFile; fileRef = E11EE8C9216CF43400ABF06B /* MatchPlayerMedia.swift */; };
		E11EE8CE216CF79E00ABF06B /* PluginStopppedStateSpecs.swift in Sources */ = {isa = PBXBuildFile; fileRef = E11EE8CD216CF79E00ABF06B /* PluginStopppedStateSpecs.swift */; };
		E11EE8D0216CF9D800ABF06B /* PluginInitSpecs.swift in Sources */ = {isa = PBXBuildFile; fileRef = E11EE8CF216CF9D800ABF06B /* PluginInitSpecs.swift */; };
		E11EE8D2216D011700ABF06B /* PluginWaitingNetworkStateSpecs.swift in Sources */ = {isa = PBXBuildFile; fileRef = E11EE8D1216D011700ABF06B /* PluginWaitingNetworkStateSpecs.swift */; };
		E1243FE12477D24E00B5F582 /* SimpleAudioQueue.storyboard in Resources */ = {isa = PBXBuildFile; fileRef = E1243FE02477D24E00B5F582 /* SimpleAudioQueue.storyboard */; };
		E1243FE32477D2AE00B5F582 /* SimpleAudioQueueVC.swift in Sources */ = {isa = PBXBuildFile; fileRef = E1243FE22477D2AE00B5F582 /* SimpleAudioQueueVC.swift */; };
		E1272948209B6721007583DB /* InterruptionAudioServiceTests.swift in Sources */ = {isa = PBXBuildFile; fileRef = E1272947209B6721007583DB /* InterruptionAudioServiceTests.swift */; };
		E12CC731216AE7F800109A16 /* Mock.generated.swift in Sources */ = {isa = PBXBuildFile; fileRef = E12CC730216AE7F800109A16 /* Mock.generated.swift */; };
		E12D8B5620792AE300A84A5E /* ViewController.swift in Sources */ = {isa = PBXBuildFile; fileRef = E12D8B5520792AE300A84A5E /* ViewController.swift */; };
		E14B4CF9215F5BA300E02DE1 /* PlayerMediaSpecs.swift in Sources */ = {isa = PBXBuildFile; fileRef = E14B4CF8215F5BA300E02DE1 /* PlayerMediaSpecs.swift */; };
		E152D520207A45A100E0347C /* MockAVAsset.swift in Sources */ = {isa = PBXBuildFile; fileRef = E152D518207A459500E0347C /* MockAVAsset.swift */; };
		E152D521207A45A100E0347C /* MockPlayerItem.swift in Sources */ = {isa = PBXBuildFile; fileRef = E152D519207A459500E0347C /* MockPlayerItem.swift */; };
		E152D522207A45A100E0347C /* MockCustomPlayer.swift in Sources */ = {isa = PBXBuildFile; fileRef = E152D51A207A459500E0347C /* MockCustomPlayer.swift */; };
		E152D52C207A472500E0347C /* StoppedStateSpecs.swift in Sources */ = {isa = PBXBuildFile; fileRef = E152D524207A472500E0347C /* StoppedStateSpecs.swift */; };
		E152D52D207A472500E0347C /* PausedStateSpecs.swift in Sources */ = {isa = PBXBuildFile; fileRef = E152D525207A472500E0347C /* PausedStateSpecs.swift */; };
		E152D52E207A472500E0347C /* LoadingMediaStateSpecs.swift in Sources */ = {isa = PBXBuildFile; fileRef = E152D526207A472500E0347C /* LoadingMediaStateSpecs.swift */; };
		E152D52F207A472500E0347C /* LoadedStateSpecs.swift in Sources */ = {isa = PBXBuildFile; fileRef = E152D527207A472500E0347C /* LoadedStateSpecs.swift */; };
		E152D530207A472500E0347C /* PlayingStateSpecs.swift in Sources */ = {isa = PBXBuildFile; fileRef = E152D528207A472500E0347C /* PlayingStateSpecs.swift */; };
		E152D531207A472500E0347C /* BufferingStateSpecs.swift in Sources */ = {isa = PBXBuildFile; fileRef = E152D529207A472500E0347C /* BufferingStateSpecs.swift */; };
		E152D532207A472500E0347C /* FailedStateTests.swift in Sources */ = {isa = PBXBuildFile; fileRef = E152D52A207A472500E0347C /* FailedStateTests.swift */; };
		E152D533207A472500E0347C /* InitStateTests.swift in Sources */ = {isa = PBXBuildFile; fileRef = E152D52B207A472500E0347C /* InitStateTests.swift */; };
		E1616A3F2126FC860067D3F5 /* MockMPRemoteCommandCenter.swift in Sources */ = {isa = PBXBuildFile; fileRef = E1616A3E2126FC860067D3F5 /* MockMPRemoteCommandCenter.swift */; };
		E16368B22097572E00E69DAB /* ReachabilityServiceTests.swift in Sources */ = {isa = PBXBuildFile; fileRef = E16368B12097572E00E69DAB /* ReachabilityServiceTests.swift */; };
		E16368B42097610900E69DAB /* MockDataTaskFactory.swift in Sources */ = {isa = PBXBuildFile; fileRef = E16368B32097610900E69DAB /* MockDataTaskFactory.swift */; };
		E16368B62097654E00E69DAB /* MockTimer.swift in Sources */ = {isa = PBXBuildFile; fileRef = E16368B52097654E00E69DAB /* MockTimer.swift */; };
		E167A06A20E38EAD00B9FA3D /* MockPlayerMedia.swift in Sources */ = {isa = PBXBuildFile; fileRef = E167A06920E38EAD00B9FA3D /* MockPlayerMedia.swift */; };
		E167A06C20E38EE000B9FA3D /* MockPlayerMediaMetadata.swift in Sources */ = {isa = PBXBuildFile; fileRef = E167A06B20E38EE000B9FA3D /* MockPlayerMediaMetadata.swift */; };
		E167A4BF21A30F4C00182C72 /* PluginPlayingStateSpecs.swift in Sources */ = {isa = PBXBuildFile; fileRef = E167A4BE21A30F4C00182C72 /* PluginPlayingStateSpecs.swift */; };
		E167A4C121A31AB000182C72 /* PluginLoadedStateSpecs.swift in Sources */ = {isa = PBXBuildFile; fileRef = E167A4C021A31AB000182C72 /* PluginLoadedStateSpecs.swift */; };
		E167A4C521A31E1400182C72 /* PluginBufferingStateSpecs.swift in Sources */ = {isa = PBXBuildFile; fileRef = E167A4C421A31E1400182C72 /* PluginBufferingStateSpecs.swift */; };
		E167A4C721A320CE00182C72 /* PluginLoadingStateSpecs.swift in Sources */ = {isa = PBXBuildFile; fileRef = E167A4C621A320CE00182C72 /* PluginLoadingStateSpecs.swift */; };
		E167A4C921A3237000182C72 /* PluginPlayerContextSpecs.swift in Sources */ = {isa = PBXBuildFile; fileRef = E167A4C821A3237000182C72 /* PluginPlayerContextSpecs.swift */; };
		E1683B1C2099F48D0041B0F8 /* MockURLSessionDataTask.swift in Sources */ = {isa = PBXBuildFile; fileRef = E1683B1B2099F48D0041B0F8 /* MockURLSessionDataTask.swift */; };
		E16FFBD521A3095F00004A90 /* PluginFailedStateSpecs.swift in Sources */ = {isa = PBXBuildFile; fileRef = E16FFBD321A308B300004A90 /* PluginFailedStateSpecs.swift */; };
		E179853C2383498A0065B323 /* AVPlayerItemInitServiceTests.swift in Sources */ = {isa = PBXBuildFile; fileRef = E179853B2383498A0065B323 /* AVPlayerItemInitServiceTests.swift */; };
		E186A1812126D2F0002B1455 /* MockMPRemoteCommand.swift in Sources */ = {isa = PBXBuildFile; fileRef = E186A1802126D2F0002B1455 /* MockMPRemoteCommand.swift */; };
		E1910528235274A500E440C7 /* TableViewController.swift in Sources */ = {isa = PBXBuildFile; fileRef = E1910527235274A500E440C7 /* TableViewController.swift */; };
		E191052A235276D600E440C7 /* DemoScreen.swift in Sources */ = {isa = PBXBuildFile; fileRef = E1910529235276D600E440C7 /* DemoScreen.swift */; };
		E191052C2352790B00E440C7 /* MonkeyTests.storyboard in Resources */ = {isa = PBXBuildFile; fileRef = E191052B2352790B00E440C7 /* MonkeyTests.storyboard */; };
		E191052F23527A3100E440C7 /* MediaResource.swift in Sources */ = {isa = PBXBuildFile; fileRef = E191052E23527A3100E440C7 /* MediaResource.swift */; };
		E19C9D672109B4D900FDA0D7 /* MockPlayerContextDelegate.swift in Sources */ = {isa = PBXBuildFile; fileRef = E19C9D662109B4D900FDA0D7 /* MockPlayerContextDelegate.swift */; };
		E19F1ABE235922FD00535291 /* Helper.swift in Sources */ = {isa = PBXBuildFile; fileRef = E19F1ABD235922FD00535291 /* Helper.swift */; };
		E1A308AD20B5C032007ED482 /* noreason.txt in Resources */ = {isa = PBXBuildFile; fileRef = E1A308AC20B5C032007ED482 /* noreason.txt */; };
		E1A4C32E209B06F1000580F5 /* RouteAudioServiceTests.swift in Sources */ = {isa = PBXBuildFile; fileRef = E1A4C32D209B06F1000580F5 /* RouteAudioServiceTests.swift */; };
		E1A6C254236EE08900416A62 /* SeekServiceTests.swift in Sources */ = {isa = PBXBuildFile; fileRef = E1A6C252236EDFF100416A62 /* SeekServiceTests.swift */; };
		E1CE54A9236BBCE0009A5236 /* AVPlayerView.swift in Sources */ = {isa = PBXBuildFile; fileRef = E1CE54A8236BBCE0009A5236 /* AVPlayerView.swift */; };
		E1EFA9AA20B44811002605A9 /* WaitingNetworkStateTests.swift in Sources */ = {isa = PBXBuildFile; fileRef = E1EFA9A920B44811002605A9 /* WaitingNetworkStateTests.swift */; };
		E1F3E91421DCEC75004EB717 /* MockPlayerPlugin.swift in Sources */ = {isa = PBXBuildFile; fileRef = E1F3E91321DCEC74004EB717 /* MockPlayerPlugin.swift */; };
		E1FB26A62357898A00277B40 /* SimpleAudioVC.swift in Sources */ = {isa = PBXBuildFile; fileRef = E1FB26A52357898A00277B40 /* SimpleAudioVC.swift */; };
		E1FB26A8235789AD00277B40 /* SimpleAudio.storyboard in Resources */ = {isa = PBXBuildFile; fileRef = E1FB26A7235789AD00277B40 /* SimpleAudio.storyboard */; };
		E1FD71B1236B81DF0021B999 /* SimpleVideo.swift in Sources */ = {isa = PBXBuildFile; fileRef = E1FD71B0236B81DE0021B999 /* SimpleVideo.swift */; };
		E1FD71B3236B828F0021B999 /* SimpleVideo.storyboard in Resources */ = {isa = PBXBuildFile; fileRef = E1FD71B2236B828F0021B999 /* SimpleVideo.storyboard */; };
		F3243572205A6A3A3BA438B1 /* Pods_ModernAVPlayer_Example.framework in Frameworks */ = {isa = PBXBuildFile; fileRef = FEE237949239EECB6A9B0898 /* Pods_ModernAVPlayer_Example.framework */; };
		FD3E4938A58BB9F708C64548 /* Pods_ModernAVPlayer_Tests.framework in Frameworks */ = {isa = PBXBuildFile; fileRef = 62FCA6B6660FFDA3122F483A /* Pods_ModernAVPlayer_Tests.framework */; };
/* End PBXBuildFile section */

/* Begin PBXContainerItemProxy section */
		607FACE61AFB9204008FA782 /* PBXContainerItemProxy */ = {
			isa = PBXContainerItemProxy;
			containerPortal = 607FACC81AFB9204008FA782 /* Project object */;
			proxyType = 1;
			remoteGlobalIDString = 607FACCF1AFB9204008FA782;
			remoteInfo = ModernAVPlayer;
		};
/* End PBXContainerItemProxy section */

/* Begin PBXFileReference section */
		04FD95B9256511D3003AD795 /* ModernAVPlayer_Example_tvOS.app */ = {isa = PBXFileReference; explicitFileType = wrapper.application; includeInIndex = 0; path = ModernAVPlayer_Example_tvOS.app; sourceTree = BUILT_PRODUCTS_DIR; };
		04FD95BB256511D3003AD795 /* AppDelegate.swift */ = {isa = PBXFileReference; lastKnownFileType = sourcecode.swift; path = AppDelegate.swift; sourceTree = "<group>"; };
		04FD95BD256511D3003AD795 /* SimpleVideo.swift */ = {isa = PBXFileReference; lastKnownFileType = sourcecode.swift; path = SimpleVideo.swift; sourceTree = "<group>"; };
		04FD95C0256511D3003AD795 /* Base */ = {isa = PBXFileReference; lastKnownFileType = file.storyboard; name = Base; path = Base.lproj/SimpleVideo.storyboard; sourceTree = "<group>"; };
		04FD95C2256511D6003AD795 /* Assets.xcassets */ = {isa = PBXFileReference; lastKnownFileType = folder.assetcatalog; path = Assets.xcassets; sourceTree = "<group>"; };
		04FD95C5256511D6003AD795 /* Base */ = {isa = PBXFileReference; lastKnownFileType = file.storyboard; name = Base; path = Base.lproj/LaunchScreen.storyboard; sourceTree = "<group>"; };
		04FD95C7256511D6003AD795 /* Info.plist */ = {isa = PBXFileReference; lastKnownFileType = text.plist.xml; path = Info.plist; sourceTree = "<group>"; };
		2C203F42C9A7F42D1451B19A /* Pods-ModernAVPlayer_Tests.debug.xcconfig */ = {isa = PBXFileReference; includeInIndex = 1; lastKnownFileType = text.xcconfig; name = "Pods-ModernAVPlayer_Tests.debug.xcconfig"; path = "Target Support Files/Pods-ModernAVPlayer_Tests/Pods-ModernAVPlayer_Tests.debug.xcconfig"; sourceTree = "<group>"; };
		417031D76555A7A0EE3E6A68 /* Pods-ModernAVPlayer_Example_tvOS.release.xcconfig */ = {isa = PBXFileReference; includeInIndex = 1; lastKnownFileType = text.xcconfig; name = "Pods-ModernAVPlayer_Example_tvOS.release.xcconfig"; path = "Target Support Files/Pods-ModernAVPlayer_Example_tvOS/Pods-ModernAVPlayer_Example_tvOS.release.xcconfig"; sourceTree = "<group>"; };
		45494C7A209378B2005C3DE2 /* ItemPlaybackObservingServiceTests.swift */ = {isa = PBXFileReference; fileEncoding = 4; lastKnownFileType = sourcecode.swift; path = ItemPlaybackObservingServiceTests.swift; sourceTree = "<group>"; };
		45D49A5E2093656100F63ACF /* MockObservingRateService.swift */ = {isa = PBXFileReference; fileEncoding = 4; lastKnownFileType = sourcecode.swift; path = MockObservingRateService.swift; sourceTree = "<group>"; };
		45D49A6220936CC100F63ACF /* MockItemPlaybackObservingService.swift */ = {isa = PBXFileReference; fileEncoding = 4; lastKnownFileType = sourcecode.swift; path = MockItemPlaybackObservingService.swift; sourceTree = "<group>"; };
		49355693E96F47D037956D70 /* Pods-ModernAVPlayer_Example.debug.xcconfig */ = {isa = PBXFileReference; includeInIndex = 1; lastKnownFileType = text.xcconfig; name = "Pods-ModernAVPlayer_Example.debug.xcconfig"; path = "Target Support Files/Pods-ModernAVPlayer_Example/Pods-ModernAVPlayer_Example.debug.xcconfig"; sourceTree = "<group>"; };
		56AAFD6CCE33451C03D17D30 /* Pods_ModernAVPlayer_Example_tvOS.framework */ = {isa = PBXFileReference; explicitFileType = wrapper.framework; includeInIndex = 0; path = Pods_ModernAVPlayer_Example_tvOS.framework; sourceTree = BUILT_PRODUCTS_DIR; };
		607FACD01AFB9204008FA782 /* ModernAVPlayer_Example.app */ = {isa = PBXFileReference; explicitFileType = wrapper.application; includeInIndex = 0; path = ModernAVPlayer_Example.app; sourceTree = BUILT_PRODUCTS_DIR; };
		607FACD41AFB9204008FA782 /* Info.plist */ = {isa = PBXFileReference; lastKnownFileType = text.plist.xml; path = Info.plist; sourceTree = "<group>"; };
		607FACD51AFB9204008FA782 /* AppDelegate.swift */ = {isa = PBXFileReference; lastKnownFileType = sourcecode.swift; path = AppDelegate.swift; sourceTree = "<group>"; };
		607FACDC1AFB9204008FA782 /* Images.xcassets */ = {isa = PBXFileReference; lastKnownFileType = folder.assetcatalog; path = Images.xcassets; sourceTree = "<group>"; };
		607FACDF1AFB9204008FA782 /* Base */ = {isa = PBXFileReference; lastKnownFileType = file.xib; name = Base; path = Base.lproj/LaunchScreen.xib; sourceTree = "<group>"; };
		607FACE51AFB9204008FA782 /* ModernAVPlayer_Tests.xctest */ = {isa = PBXFileReference; explicitFileType = wrapper.cfbundle; includeInIndex = 0; path = ModernAVPlayer_Tests.xctest; sourceTree = BUILT_PRODUCTS_DIR; };
		607FACEA1AFB9204008FA782 /* Info.plist */ = {isa = PBXFileReference; lastKnownFileType = text.plist.xml; path = Info.plist; sourceTree = "<group>"; };
		62A4088B663B49E775CBAFB1 /* Pods-ModernAVPlayer_Example_tvOS.debug.xcconfig */ = {isa = PBXFileReference; includeInIndex = 1; lastKnownFileType = text.xcconfig; name = "Pods-ModernAVPlayer_Example_tvOS.debug.xcconfig"; path = "Target Support Files/Pods-ModernAVPlayer_Example_tvOS/Pods-ModernAVPlayer_Example_tvOS.debug.xcconfig"; sourceTree = "<group>"; };
		62FCA6B6660FFDA3122F483A /* Pods_ModernAVPlayer_Tests.framework */ = {isa = PBXFileReference; explicitFileType = wrapper.framework; includeInIndex = 0; path = Pods_ModernAVPlayer_Tests.framework; sourceTree = BUILT_PRODUCTS_DIR; };
		83B8F9DDE58494C9890F1EA3 /* Pods-ModernAVPlayer_Example.release.xcconfig */ = {isa = PBXFileReference; includeInIndex = 1; lastKnownFileType = text.xcconfig; name = "Pods-ModernAVPlayer_Example.release.xcconfig"; path = "Target Support Files/Pods-ModernAVPlayer_Example/Pods-ModernAVPlayer_Example.release.xcconfig"; sourceTree = "<group>"; };
		E1050F75207A44B100A7F540 /* PlayerContextTests.swift */ = {isa = PBXFileReference; fileEncoding = 4; lastKnownFileType = sourcecode.swift; path = PlayerContextTests.swift; sourceTree = "<group>"; };
		E10B20E421C94F7400924E1D /* RemoteCommandExample.swift */ = {isa = PBXFileReference; lastKnownFileType = sourcecode.swift; path = RemoteCommandExample.swift; sourceTree = "<group>"; };
		E10B20E621C9557E00924E1D /* PlayerConfigurationExample.swift */ = {isa = PBXFileReference; lastKnownFileType = sourcecode.swift; path = PlayerConfigurationExample.swift; sourceTree = "<group>"; };
		E112DB442079359D00DB69E8 /* Main.storyboard */ = {isa = PBXFileReference; fileEncoding = 4; lastKnownFileType = file.storyboard; path = Main.storyboard; sourceTree = "<group>"; };
		E112DB472079365B00DB69E8 /* AllNew.mp3 */ = {isa = PBXFileReference; lastKnownFileType = audio.mp3; path = AllNew.mp3; sourceTree = "<group>"; };
		E116E2AA2478863300039943 /* AudioQueueRemoteExample.swift */ = {isa = PBXFileReference; lastKnownFileType = sourcecode.swift; path = AudioQueueRemoteExample.swift; sourceTree = "<group>"; };
		E116E2AC24788ED900039943 /* AudioQueueResource.swift */ = {isa = PBXFileReference; lastKnownFileType = sourcecode.swift; path = AudioQueueResource.swift; sourceTree = "<group>"; };
		E116E2AE24788F4300039943 /* AudioQueueLibrary.swift */ = {isa = PBXFileReference; lastKnownFileType = sourcecode.swift; path = AudioQueueLibrary.swift; sourceTree = "<group>"; };
		E116E2B0247896C000039943 /* SampleA.mp3 */ = {isa = PBXFileReference; lastKnownFileType = audio.mp3; path = SampleA.mp3; sourceTree = "<group>"; };
		E116E2B1247896C000039943 /* SampleB.mp3 */ = {isa = PBXFileReference; lastKnownFileType = audio.mp3; path = SampleB.mp3; sourceTree = "<group>"; };
		E116E2B2247896C000039943 /* SampleC.mp3 */ = {isa = PBXFileReference; lastKnownFileType = audio.mp3; path = SampleC.mp3; sourceTree = "<group>"; };
		E11EE8C6216CEA8200ABF06B /* PluginPausedStateSpecs.swift */ = {isa = PBXFileReference; lastKnownFileType = sourcecode.swift; path = PluginPausedStateSpecs.swift; sourceTree = "<group>"; };
		E11EE8C9216CF43400ABF06B /* MatchPlayerMedia.swift */ = {isa = PBXFileReference; lastKnownFileType = sourcecode.swift; path = MatchPlayerMedia.swift; sourceTree = "<group>"; };
		E11EE8CD216CF79E00ABF06B /* PluginStopppedStateSpecs.swift */ = {isa = PBXFileReference; lastKnownFileType = sourcecode.swift; path = PluginStopppedStateSpecs.swift; sourceTree = "<group>"; };
		E11EE8CF216CF9D800ABF06B /* PluginInitSpecs.swift */ = {isa = PBXFileReference; lastKnownFileType = sourcecode.swift; path = PluginInitSpecs.swift; sourceTree = "<group>"; };
		E11EE8D1216D011700ABF06B /* PluginWaitingNetworkStateSpecs.swift */ = {isa = PBXFileReference; lastKnownFileType = sourcecode.swift; path = PluginWaitingNetworkStateSpecs.swift; sourceTree = "<group>"; };
		E1243FE02477D24E00B5F582 /* SimpleAudioQueue.storyboard */ = {isa = PBXFileReference; lastKnownFileType = file.storyboard; path = SimpleAudioQueue.storyboard; sourceTree = "<group>"; };
		E1243FE22477D2AE00B5F582 /* SimpleAudioQueueVC.swift */ = {isa = PBXFileReference; lastKnownFileType = sourcecode.swift; path = SimpleAudioQueueVC.swift; sourceTree = "<group>"; };
		E1272947209B6721007583DB /* InterruptionAudioServiceTests.swift */ = {isa = PBXFileReference; lastKnownFileType = sourcecode.swift; path = InterruptionAudioServiceTests.swift; sourceTree = "<group>"; };
		E12CC730216AE7F800109A16 /* Mock.generated.swift */ = {isa = PBXFileReference; fileEncoding = 4; lastKnownFileType = sourcecode.swift; path = Mock.generated.swift; sourceTree = "<group>"; };
		E12D8B5520792AE300A84A5E /* ViewController.swift */ = {isa = PBXFileReference; fileEncoding = 4; lastKnownFileType = sourcecode.swift; path = ViewController.swift; sourceTree = "<group>"; };
		E14B4CF8215F5BA300E02DE1 /* PlayerMediaSpecs.swift */ = {isa = PBXFileReference; lastKnownFileType = sourcecode.swift; path = PlayerMediaSpecs.swift; sourceTree = "<group>"; };
		E152D518207A459500E0347C /* MockAVAsset.swift */ = {isa = PBXFileReference; fileEncoding = 4; lastKnownFileType = sourcecode.swift; path = MockAVAsset.swift; sourceTree = "<group>"; };
		E152D519207A459500E0347C /* MockPlayerItem.swift */ = {isa = PBXFileReference; fileEncoding = 4; lastKnownFileType = sourcecode.swift; path = MockPlayerItem.swift; sourceTree = "<group>"; };
		E152D51A207A459500E0347C /* MockCustomPlayer.swift */ = {isa = PBXFileReference; fileEncoding = 4; lastKnownFileType = sourcecode.swift; path = MockCustomPlayer.swift; sourceTree = "<group>"; };
		E152D524207A472500E0347C /* StoppedStateSpecs.swift */ = {isa = PBXFileReference; fileEncoding = 4; lastKnownFileType = sourcecode.swift; path = StoppedStateSpecs.swift; sourceTree = "<group>"; };
		E152D525207A472500E0347C /* PausedStateSpecs.swift */ = {isa = PBXFileReference; fileEncoding = 4; lastKnownFileType = sourcecode.swift; path = PausedStateSpecs.swift; sourceTree = "<group>"; };
		E152D526207A472500E0347C /* LoadingMediaStateSpecs.swift */ = {isa = PBXFileReference; fileEncoding = 4; lastKnownFileType = sourcecode.swift; path = LoadingMediaStateSpecs.swift; sourceTree = "<group>"; };
		E152D527207A472500E0347C /* LoadedStateSpecs.swift */ = {isa = PBXFileReference; fileEncoding = 4; lastKnownFileType = sourcecode.swift; path = LoadedStateSpecs.swift; sourceTree = "<group>"; };
		E152D528207A472500E0347C /* PlayingStateSpecs.swift */ = {isa = PBXFileReference; fileEncoding = 4; lastKnownFileType = sourcecode.swift; path = PlayingStateSpecs.swift; sourceTree = "<group>"; };
		E152D529207A472500E0347C /* BufferingStateSpecs.swift */ = {isa = PBXFileReference; fileEncoding = 4; lastKnownFileType = sourcecode.swift; path = BufferingStateSpecs.swift; sourceTree = "<group>"; };
		E152D52A207A472500E0347C /* FailedStateTests.swift */ = {isa = PBXFileReference; fileEncoding = 4; lastKnownFileType = sourcecode.swift; path = FailedStateTests.swift; sourceTree = "<group>"; };
		E152D52B207A472500E0347C /* InitStateTests.swift */ = {isa = PBXFileReference; fileEncoding = 4; lastKnownFileType = sourcecode.swift; path = InitStateTests.swift; sourceTree = "<group>"; };
		E1616A3E2126FC860067D3F5 /* MockMPRemoteCommandCenter.swift */ = {isa = PBXFileReference; lastKnownFileType = sourcecode.swift; path = MockMPRemoteCommandCenter.swift; sourceTree = "<group>"; };
		E16368B12097572E00E69DAB /* ReachabilityServiceTests.swift */ = {isa = PBXFileReference; lastKnownFileType = sourcecode.swift; path = ReachabilityServiceTests.swift; sourceTree = "<group>"; };
		E16368B32097610900E69DAB /* MockDataTaskFactory.swift */ = {isa = PBXFileReference; lastKnownFileType = sourcecode.swift; path = MockDataTaskFactory.swift; sourceTree = "<group>"; };
		E16368B52097654E00E69DAB /* MockTimer.swift */ = {isa = PBXFileReference; lastKnownFileType = sourcecode.swift; path = MockTimer.swift; sourceTree = "<group>"; };
		E167A06920E38EAD00B9FA3D /* MockPlayerMedia.swift */ = {isa = PBXFileReference; lastKnownFileType = sourcecode.swift; path = MockPlayerMedia.swift; sourceTree = "<group>"; };
		E167A06B20E38EE000B9FA3D /* MockPlayerMediaMetadata.swift */ = {isa = PBXFileReference; lastKnownFileType = sourcecode.swift; path = MockPlayerMediaMetadata.swift; sourceTree = "<group>"; };
		E167A4BE21A30F4C00182C72 /* PluginPlayingStateSpecs.swift */ = {isa = PBXFileReference; lastKnownFileType = sourcecode.swift; path = PluginPlayingStateSpecs.swift; sourceTree = "<group>"; };
		E167A4C021A31AB000182C72 /* PluginLoadedStateSpecs.swift */ = {isa = PBXFileReference; lastKnownFileType = sourcecode.swift; path = PluginLoadedStateSpecs.swift; sourceTree = "<group>"; };
		E167A4C421A31E1400182C72 /* PluginBufferingStateSpecs.swift */ = {isa = PBXFileReference; lastKnownFileType = sourcecode.swift; path = PluginBufferingStateSpecs.swift; sourceTree = "<group>"; };
		E167A4C621A320CE00182C72 /* PluginLoadingStateSpecs.swift */ = {isa = PBXFileReference; lastKnownFileType = sourcecode.swift; path = PluginLoadingStateSpecs.swift; sourceTree = "<group>"; };
		E167A4C821A3237000182C72 /* PluginPlayerContextSpecs.swift */ = {isa = PBXFileReference; lastKnownFileType = sourcecode.swift; path = PluginPlayerContextSpecs.swift; sourceTree = "<group>"; };
		E1683B1B2099F48D0041B0F8 /* MockURLSessionDataTask.swift */ = {isa = PBXFileReference; lastKnownFileType = sourcecode.swift; path = MockURLSessionDataTask.swift; sourceTree = "<group>"; };
		E16FFBD321A308B300004A90 /* PluginFailedStateSpecs.swift */ = {isa = PBXFileReference; lastKnownFileType = sourcecode.swift; path = PluginFailedStateSpecs.swift; sourceTree = "<group>"; };
		E179853B2383498A0065B323 /* AVPlayerItemInitServiceTests.swift */ = {isa = PBXFileReference; lastKnownFileType = sourcecode.swift; path = AVPlayerItemInitServiceTests.swift; sourceTree = "<group>"; };
		E186A1802126D2F0002B1455 /* MockMPRemoteCommand.swift */ = {isa = PBXFileReference; lastKnownFileType = sourcecode.swift; path = MockMPRemoteCommand.swift; sourceTree = "<group>"; };
		E1910527235274A500E440C7 /* TableViewController.swift */ = {isa = PBXFileReference; lastKnownFileType = sourcecode.swift; path = TableViewController.swift; sourceTree = "<group>"; };
		E1910529235276D600E440C7 /* DemoScreen.swift */ = {isa = PBXFileReference; lastKnownFileType = sourcecode.swift; path = DemoScreen.swift; sourceTree = "<group>"; };
		E191052B2352790B00E440C7 /* MonkeyTests.storyboard */ = {isa = PBXFileReference; fileEncoding = 4; lastKnownFileType = file.storyboard; path = MonkeyTests.storyboard; sourceTree = "<group>"; };
		E191052E23527A3100E440C7 /* MediaResource.swift */ = {isa = PBXFileReference; lastKnownFileType = sourcecode.swift; path = MediaResource.swift; sourceTree = "<group>"; };
		E19C9D662109B4D900FDA0D7 /* MockPlayerContextDelegate.swift */ = {isa = PBXFileReference; lastKnownFileType = sourcecode.swift; path = MockPlayerContextDelegate.swift; sourceTree = "<group>"; };
		E19F1ABD235922FD00535291 /* Helper.swift */ = {isa = PBXFileReference; lastKnownFileType = sourcecode.swift; path = Helper.swift; sourceTree = "<group>"; };
		E1A308AC20B5C032007ED482 /* noreason.txt */ = {isa = PBXFileReference; fileEncoding = 4; lastKnownFileType = text; path = noreason.txt; sourceTree = "<group>"; };
		E1A4C32D209B06F1000580F5 /* RouteAudioServiceTests.swift */ = {isa = PBXFileReference; lastKnownFileType = sourcecode.swift; path = RouteAudioServiceTests.swift; sourceTree = "<group>"; };
		E1A6C252236EDFF100416A62 /* SeekServiceTests.swift */ = {isa = PBXFileReference; lastKnownFileType = sourcecode.swift; path = SeekServiceTests.swift; sourceTree = "<group>"; };
		E1CE54A8236BBCE0009A5236 /* AVPlayerView.swift */ = {isa = PBXFileReference; lastKnownFileType = sourcecode.swift; path = AVPlayerView.swift; sourceTree = "<group>"; };
		E1EFA9A920B44811002605A9 /* WaitingNetworkStateTests.swift */ = {isa = PBXFileReference; lastKnownFileType = sourcecode.swift; path = WaitingNetworkStateTests.swift; sourceTree = "<group>"; };
		E1F3E91321DCEC74004EB717 /* MockPlayerPlugin.swift */ = {isa = PBXFileReference; lastKnownFileType = sourcecode.swift; path = MockPlayerPlugin.swift; sourceTree = "<group>"; };
		E1FB26A52357898A00277B40 /* SimpleAudioVC.swift */ = {isa = PBXFileReference; lastKnownFileType = sourcecode.swift; path = SimpleAudioVC.swift; sourceTree = "<group>"; };
		E1FB26A7235789AD00277B40 /* SimpleAudio.storyboard */ = {isa = PBXFileReference; lastKnownFileType = file.storyboard; path = SimpleAudio.storyboard; sourceTree = "<group>"; };
		E1FD71B0236B81DE0021B999 /* SimpleVideo.swift */ = {isa = PBXFileReference; lastKnownFileType = sourcecode.swift; path = SimpleVideo.swift; sourceTree = "<group>"; };
		E1FD71B2236B828F0021B999 /* SimpleVideo.storyboard */ = {isa = PBXFileReference; lastKnownFileType = file.storyboard; path = SimpleVideo.storyboard; sourceTree = "<group>"; };
		F136F2B325E74716C2E6D45B /* Pods-ModernAVPlayer_Tests.release.xcconfig */ = {isa = PBXFileReference; includeInIndex = 1; lastKnownFileType = text.xcconfig; name = "Pods-ModernAVPlayer_Tests.release.xcconfig"; path = "Target Support Files/Pods-ModernAVPlayer_Tests/Pods-ModernAVPlayer_Tests.release.xcconfig"; sourceTree = "<group>"; };
		FEE237949239EECB6A9B0898 /* Pods_ModernAVPlayer_Example.framework */ = {isa = PBXFileReference; explicitFileType = wrapper.framework; includeInIndex = 0; path = Pods_ModernAVPlayer_Example.framework; sourceTree = BUILT_PRODUCTS_DIR; };
/* End PBXFileReference section */

/* Begin PBXFrameworksBuildPhase section */
		04FD95B6256511D3003AD795 /* Frameworks */ = {
			isa = PBXFrameworksBuildPhase;
			buildActionMask = 2147483647;
			files = (
				2CCB467CEDD8EBB279B013EF /* Pods_ModernAVPlayer_Example_tvOS.framework in Frameworks */,
			);
			runOnlyForDeploymentPostprocessing = 0;
		};
		607FACCD1AFB9204008FA782 /* Frameworks */ = {
			isa = PBXFrameworksBuildPhase;
			buildActionMask = 2147483647;
			files = (
				F3243572205A6A3A3BA438B1 /* Pods_ModernAVPlayer_Example.framework in Frameworks */,
			);
			runOnlyForDeploymentPostprocessing = 0;
		};
		607FACE21AFB9204008FA782 /* Frameworks */ = {
			isa = PBXFrameworksBuildPhase;
			buildActionMask = 2147483647;
			files = (
				FD3E4938A58BB9F708C64548 /* Pods_ModernAVPlayer_Tests.framework in Frameworks */,
			);
			runOnlyForDeploymentPostprocessing = 0;
		};
/* End PBXFrameworksBuildPhase section */

/* Begin PBXGroup section */
		04FD95BA256511D3003AD795 /* tvOS Example */ = {
			isa = PBXGroup;
			children = (
				04FD95D4256513ED003AD795 /* Domains */,
				04FD95BB256511D3003AD795 /* AppDelegate.swift */,
				04FD95C2256511D6003AD795 /* Assets.xcassets */,
				04FD95C4256511D6003AD795 /* LaunchScreen.storyboard */,
			);
			path = "tvOS Example";
			sourceTree = "<group>";
		};
		04FD95D4256513ED003AD795 /* Domains */ = {
			isa = PBXGroup;
			children = (
				04FD95DA2565141E003AD795 /* Supporting Files */,
				04FD95D6256513FD003AD795 /* SimpleVideo */,
			);
			path = Domains;
			sourceTree = "<group>";
		};
		04FD95D6256513FD003AD795 /* SimpleVideo */ = {
			isa = PBXGroup;
			children = (
				04FD95BD256511D3003AD795 /* SimpleVideo.swift */,
				04FD95BF256511D3003AD795 /* SimpleVideo.storyboard */,
			);
			path = SimpleVideo;
			sourceTree = "<group>";
		};
		04FD95DA2565141E003AD795 /* Supporting Files */ = {
			isa = PBXGroup;
			children = (
				04FD95C7256511D6003AD795 /* Info.plist */,
			);
			path = "Supporting Files";
			sourceTree = "<group>";
		};
		448AD91B64DC6681CECAD1FA /* Frameworks */ = {
			isa = PBXGroup;
			children = (
				FEE237949239EECB6A9B0898 /* Pods_ModernAVPlayer_Example.framework */,
				56AAFD6CCE33451C03D17D30 /* Pods_ModernAVPlayer_Example_tvOS.framework */,
				62FCA6B6660FFDA3122F483A /* Pods_ModernAVPlayer_Tests.framework */,
			);
			name = Frameworks;
			sourceTree = "<group>";
		};
		45494C7720937892005C3DE2 /* Services */ = {
			isa = PBXGroup;
			children = (
				45494C7A209378B2005C3DE2 /* ItemPlaybackObservingServiceTests.swift */,
				E1272947209B6721007583DB /* InterruptionAudioServiceTests.swift */,
				E16368B12097572E00E69DAB /* ReachabilityServiceTests.swift */,
				E1A4C32D209B06F1000580F5 /* RouteAudioServiceTests.swift */,
				E1A6C252236EDFF100416A62 /* SeekServiceTests.swift */,
				E179853B2383498A0065B323 /* AVPlayerItemInitServiceTests.swift */,
			);
			path = Services;
			sourceTree = "<group>";
		};
		607FACC71AFB9204008FA782 = {
			isa = PBXGroup;
			children = (
				607FACD21AFB9204008FA782 /* iOS Example */,
				04FD95BA256511D3003AD795 /* tvOS Example */,
				607FACE81AFB9204008FA782 /* Tests */,
				607FACD11AFB9204008FA782 /* Products */,
				957C475E8F1CE464C6ED8359 /* Pods */,
				448AD91B64DC6681CECAD1FA /* Frameworks */,
			);
			sourceTree = "<group>";
		};
		607FACD11AFB9204008FA782 /* Products */ = {
			isa = PBXGroup;
			children = (
				607FACD01AFB9204008FA782 /* ModernAVPlayer_Example.app */,
				607FACE51AFB9204008FA782 /* ModernAVPlayer_Tests.xctest */,
				04FD95B9256511D3003AD795 /* ModernAVPlayer_Example_tvOS.app */,
			);
			name = Products;
			sourceTree = "<group>";
		};
		607FACD21AFB9204008FA782 /* iOS Example */ = {
			isa = PBXGroup;
			children = (
				E112DB462079364900DB69E8 /* Resources */,
				607FACD51AFB9204008FA782 /* AppDelegate.swift */,
				E1910529235276D600E440C7 /* DemoScreen.swift */,
				E177C7042368DEC300826796 /* Domains */,
				E177C7062368E02D00826796 /* PlayerConf */,
				607FACDC1AFB9204008FA782 /* Images.xcassets */,
				607FACDE1AFB9204008FA782 /* LaunchScreen.xib */,
				607FACD31AFB9204008FA782 /* Supporting Files */,
			);
			name = "iOS Example";
			path = Example;
			sourceTree = "<group>";
		};
		607FACD31AFB9204008FA782 /* Supporting Files */ = {
			isa = PBXGroup;
			children = (
				607FACD41AFB9204008FA782 /* Info.plist */,
			);
			name = "Supporting Files";
			sourceTree = "<group>";
		};
		607FACE81AFB9204008FA782 /* Tests */ = {
			isa = PBXGroup;
			children = (
				E12CC72F216AE7F800109A16 /* Generated */,
				E11EE8CB216CF64600ABF06B /* Matches */,
				E1050F75207A44B100A7F540 /* PlayerContextTests.swift */,
				E14B4CFA215F61C500E02DE1 /* Components */,
				E152D516207A459500E0347C /* Mock */,
				E11EE8CC216CF65700ABF06B /* Plugins */,
				45494C7720937892005C3DE2 /* Services */,
				E152D523207A472500E0347C /* State */,
				607FACE91AFB9204008FA782 /* Supporting Files */,
			);
			path = Tests;
			sourceTree = "<group>";
		};
		607FACE91AFB9204008FA782 /* Supporting Files */ = {
			isa = PBXGroup;
			children = (
				607FACEA1AFB9204008FA782 /* Info.plist */,
			);
			name = "Supporting Files";
			sourceTree = "<group>";
		};
		957C475E8F1CE464C6ED8359 /* Pods */ = {
			isa = PBXGroup;
			children = (
				49355693E96F47D037956D70 /* Pods-ModernAVPlayer_Example.debug.xcconfig */,
				83B8F9DDE58494C9890F1EA3 /* Pods-ModernAVPlayer_Example.release.xcconfig */,
				62A4088B663B49E775CBAFB1 /* Pods-ModernAVPlayer_Example_tvOS.debug.xcconfig */,
				417031D76555A7A0EE3E6A68 /* Pods-ModernAVPlayer_Example_tvOS.release.xcconfig */,
				2C203F42C9A7F42D1451B19A /* Pods-ModernAVPlayer_Tests.debug.xcconfig */,
				F136F2B325E74716C2E6D45B /* Pods-ModernAVPlayer_Tests.release.xcconfig */,
			);
			path = Pods;
			sourceTree = "<group>";
		};
		E112DB462079364900DB69E8 /* Resources */ = {
			isa = PBXGroup;
			children = (
				E1A308AC20B5C032007ED482 /* noreason.txt */,
				E112DB472079365B00DB69E8 /* AllNew.mp3 */,
				E116E2B0247896C000039943 /* SampleA.mp3 */,
				E116E2B1247896C000039943 /* SampleB.mp3 */,
				E116E2B2247896C000039943 /* SampleC.mp3 */,
			);
			name = Resources;
			sourceTree = "<group>";
		};
		E11EE8CB216CF64600ABF06B /* Matches */ = {
			isa = PBXGroup;
			children = (
				E11EE8C9216CF43400ABF06B /* MatchPlayerMedia.swift */,
			);
			path = Matches;
			sourceTree = "<group>";
		};
		E11EE8CC216CF65700ABF06B /* Plugins */ = {
			isa = PBXGroup;
			children = (
				E11EE8CF216CF9D800ABF06B /* PluginInitSpecs.swift */,
				E167A4C421A31E1400182C72 /* PluginBufferingStateSpecs.swift */,
				E16FFBD321A308B300004A90 /* PluginFailedStateSpecs.swift */,
				E167A4C021A31AB000182C72 /* PluginLoadedStateSpecs.swift */,
				E167A4C621A320CE00182C72 /* PluginLoadingStateSpecs.swift */,
				E11EE8C6216CEA8200ABF06B /* PluginPausedStateSpecs.swift */,
				E167A4C821A3237000182C72 /* PluginPlayerContextSpecs.swift */,
				E167A4BE21A30F4C00182C72 /* PluginPlayingStateSpecs.swift */,
				E11EE8CD216CF79E00ABF06B /* PluginStopppedStateSpecs.swift */,
				E11EE8D1216D011700ABF06B /* PluginWaitingNetworkStateSpecs.swift */,
			);
			path = Plugins;
			sourceTree = "<group>";
		};
		E1243FDF2477D13E00B5F582 /* SimpleAudioQueue */ = {
			isa = PBXGroup;
			children = (
				E1243FE02477D24E00B5F582 /* SimpleAudioQueue.storyboard */,
				E1243FE22477D2AE00B5F582 /* SimpleAudioQueueVC.swift */,
				E116E2AA2478863300039943 /* AudioQueueRemoteExample.swift */,
				E116E2AC24788ED900039943 /* AudioQueueResource.swift */,
				E116E2AE24788F4300039943 /* AudioQueueLibrary.swift */,
			);
			name = SimpleAudioQueue;
			sourceTree = "<group>";
		};
		E12CC72F216AE7F800109A16 /* Generated */ = {
			isa = PBXGroup;
			children = (
				E12CC730216AE7F800109A16 /* Mock.generated.swift */,
			);
			path = Generated;
			sourceTree = "<group>";
		};
		E14B4CFA215F61C500E02DE1 /* Components */ = {
			isa = PBXGroup;
			children = (
				E14B4CF8215F5BA300E02DE1 /* PlayerMediaSpecs.swift */,
			);
			path = Components;
			sourceTree = "<group>";
		};
		E152D516207A459500E0347C /* Mock */ = {
			isa = PBXGroup;
			children = (
				E152D518207A459500E0347C /* MockAVAsset.swift */,
				E152D51A207A459500E0347C /* MockCustomPlayer.swift */,
				E16368B32097610900E69DAB /* MockDataTaskFactory.swift */,
				45D49A6220936CC100F63ACF /* MockItemPlaybackObservingService.swift */,
				45D49A5E2093656100F63ACF /* MockObservingRateService.swift */,
				E186A1802126D2F0002B1455 /* MockMPRemoteCommand.swift */,
				E1616A3E2126FC860067D3F5 /* MockMPRemoteCommandCenter.swift */,
				E19C9D662109B4D900FDA0D7 /* MockPlayerContextDelegate.swift */,
				E152D519207A459500E0347C /* MockPlayerItem.swift */,
				E167A06920E38EAD00B9FA3D /* MockPlayerMedia.swift */,
				E167A06B20E38EE000B9FA3D /* MockPlayerMediaMetadata.swift */,
				E1F3E91321DCEC74004EB717 /* MockPlayerPlugin.swift */,
				E16368B52097654E00E69DAB /* MockTimer.swift */,
				E1683B1B2099F48D0041B0F8 /* MockURLSessionDataTask.swift */,
			);
			path = Mock;
			sourceTree = "<group>";
		};
		E152D523207A472500E0347C /* State */ = {
			isa = PBXGroup;
			children = (
				E152D529207A472500E0347C /* BufferingStateSpecs.swift */,
				E152D52A207A472500E0347C /* FailedStateTests.swift */,
				E152D52B207A472500E0347C /* InitStateTests.swift */,
				E152D527207A472500E0347C /* LoadedStateSpecs.swift */,
				E152D526207A472500E0347C /* LoadingMediaStateSpecs.swift */,
				E152D525207A472500E0347C /* PausedStateSpecs.swift */,
				E152D528207A472500E0347C /* PlayingStateSpecs.swift */,
				E152D524207A472500E0347C /* StoppedStateSpecs.swift */,
				E1EFA9A920B44811002605A9 /* WaitingNetworkStateTests.swift */,
			);
			path = State;
			sourceTree = "<group>";
		};
		E177C7042368DEC300826796 /* Domains */ = {
			isa = PBXGroup;
			children = (
				E1243FDF2477D13E00B5F582 /* SimpleAudioQueue */,
				E177C7052368DED300826796 /* Main */,
				E191052D2352792900E440C7 /* MonkeyTests */,
				E1FB26A9235789BD00277B40 /* SimpleAudio */,
				E1CE54A7236BB5CC009A5236 /* SimpleVideo */,
			);
			name = Domains;
			sourceTree = "<group>";
		};
		E177C7052368DED300826796 /* Main */ = {
			isa = PBXGroup;
			children = (
				E112DB442079359D00DB69E8 /* Main.storyboard */,
				E1910527235274A500E440C7 /* TableViewController.swift */,
			);
			name = Main;
			sourceTree = "<group>";
		};
		E177C7062368E02D00826796 /* PlayerConf */ = {
			isa = PBXGroup;
			children = (
				E10B20E621C9557E00924E1D /* PlayerConfigurationExample.swift */,
				E10B20E421C94F7400924E1D /* RemoteCommandExample.swift */,
				E191052E23527A3100E440C7 /* MediaResource.swift */,
				E19F1ABD235922FD00535291 /* Helper.swift */,
			);
			name = PlayerConf;
			sourceTree = "<group>";
		};
		E191052D2352792900E440C7 /* MonkeyTests */ = {
			isa = PBXGroup;
			children = (
				E12D8B5520792AE300A84A5E /* ViewController.swift */,
				E191052B2352790B00E440C7 /* MonkeyTests.storyboard */,
			);
			name = MonkeyTests;
			sourceTree = "<group>";
		};
		E1CE54A7236BB5CC009A5236 /* SimpleVideo */ = {
			isa = PBXGroup;
			children = (
				E1FD71B0236B81DE0021B999 /* SimpleVideo.swift */,
				E1FD71B2236B828F0021B999 /* SimpleVideo.storyboard */,
				E1CE54A8236BBCE0009A5236 /* AVPlayerView.swift */,
			);
			name = SimpleVideo;
			sourceTree = "<group>";
		};
		E1FB26A9235789BD00277B40 /* SimpleAudio */ = {
			isa = PBXGroup;
			children = (
				E1FB26A52357898A00277B40 /* SimpleAudioVC.swift */,
				E1FB26A7235789AD00277B40 /* SimpleAudio.storyboard */,
			);
			name = SimpleAudio;
			sourceTree = "<group>";
		};
/* End PBXGroup section */

/* Begin PBXNativeTarget section */
		04FD95B8256511D3003AD795 /* ModernAVPlayer_Example_tvOS */ = {
			isa = PBXNativeTarget;
			buildConfigurationList = 04FD95CA256511D6003AD795 /* Build configuration list for PBXNativeTarget "ModernAVPlayer_Example_tvOS" */;
			buildPhases = (
				624B63932FAC98B01213EB05 /* [CP] Check Pods Manifest.lock */,
				04FD95B5256511D3003AD795 /* Sources */,
				04FD95B6256511D3003AD795 /* Frameworks */,
				04FD95B7256511D3003AD795 /* Resources */,
				C9A9DCDECBFAF33807B75FEF /* [CP] Embed Pods Frameworks */,
			);
			buildRules = (
			);
			dependencies = (
			);
			name = ModernAVPlayer_Example_tvOS;
			productName = "Example for ModernAVPlayer tvOS";
			productReference = 04FD95B9256511D3003AD795 /* ModernAVPlayer_Example_tvOS.app */;
			productType = "com.apple.product-type.application";
		};
		607FACCF1AFB9204008FA782 /* ModernAVPlayer_Example */ = {
			isa = PBXNativeTarget;
			buildConfigurationList = 607FACEF1AFB9204008FA782 /* Build configuration list for PBXNativeTarget "ModernAVPlayer_Example" */;
			buildPhases = (
				D302F8579C551F612ACDF0A8 /* [CP] Check Pods Manifest.lock */,
				607FACCC1AFB9204008FA782 /* Sources */,
				607FACCD1AFB9204008FA782 /* Frameworks */,
				607FACCE1AFB9204008FA782 /* Resources */,
				E1459933207922F6001479E2 /* SwiftLint */,
				21F78486C299F742B895EA09 /* [CP] Embed Pods Frameworks */,
			);
			buildRules = (
			);
			dependencies = (
			);
			name = ModernAVPlayer_Example;
			productName = ModernAVPlayer;
			productReference = 607FACD01AFB9204008FA782 /* ModernAVPlayer_Example.app */;
			productType = "com.apple.product-type.application";
		};
		607FACE41AFB9204008FA782 /* ModernAVPlayer_Tests */ = {
			isa = PBXNativeTarget;
			buildConfigurationList = 607FACF21AFB9204008FA782 /* Build configuration list for PBXNativeTarget "ModernAVPlayer_Tests" */;
			buildPhases = (
				30A94297BB5063122F548760 /* [CP] Check Pods Manifest.lock */,
				E1E419E224773FC900D84E54 /* Generate Mocks */,
				607FACE11AFB9204008FA782 /* Sources */,
				607FACE21AFB9204008FA782 /* Frameworks */,
				607FACE31AFB9204008FA782 /* Resources */,
				2E1A8167A7A027327798AC1F /* [CP] Embed Pods Frameworks */,
			);
			buildRules = (
			);
			dependencies = (
				607FACE71AFB9204008FA782 /* PBXTargetDependency */,
			);
			name = ModernAVPlayer_Tests;
			productName = Tests;
			productReference = 607FACE51AFB9204008FA782 /* ModernAVPlayer_Tests.xctest */;
			productType = "com.apple.product-type.bundle.unit-test";
		};
/* End PBXNativeTarget section */

/* Begin PBXProject section */
		607FACC81AFB9204008FA782 /* Project object */ = {
			isa = PBXProject;
			attributes = {
				LastSwiftUpdateCheck = 1200;
				LastUpgradeCheck = 1230;
				ORGANIZATIONNAME = CocoaPods;
				TargetAttributes = {
					04FD95B8256511D3003AD795 = {
						CreatedOnToolsVersion = 12.0;
						ProvisioningStyle = Automatic;
					};
					607FACCF1AFB9204008FA782 = {
						CreatedOnToolsVersion = 6.3.1;
						DevelopmentTeam = UNDCF9JXB2;
						LastSwiftMigration = 1020;
						ProvisioningStyle = Automatic;
						SystemCapabilities = {
							com.apple.BackgroundModes = {
								enabled = 1;
							};
						};
					};
					607FACE41AFB9204008FA782 = {
						CreatedOnToolsVersion = 6.3.1;
						DevelopmentTeam = UNDCF9JXB2;
						LastSwiftMigration = 1020;
						ProvisioningStyle = Manual;
						TestTargetID = 607FACCF1AFB9204008FA782;
					};
				};
			};
			buildConfigurationList = 607FACCB1AFB9204008FA782 /* Build configuration list for PBXProject "ModernAVPlayer" */;
			compatibilityVersion = "Xcode 3.2";
			developmentRegion = en;
			hasScannedForEncodings = 0;
			knownRegions = (
				en,
				Base,
			);
			mainGroup = 607FACC71AFB9204008FA782;
			productRefGroup = 607FACD11AFB9204008FA782 /* Products */;
			projectDirPath = "";
			projectRoot = "";
			targets = (
				607FACCF1AFB9204008FA782 /* ModernAVPlayer_Example */,
				607FACE41AFB9204008FA782 /* ModernAVPlayer_Tests */,
				04FD95B8256511D3003AD795 /* ModernAVPlayer_Example_tvOS */,
			);
		};
/* End PBXProject section */

/* Begin PBXResourcesBuildPhase section */
		04FD95B7256511D3003AD795 /* Resources */ = {
			isa = PBXResourcesBuildPhase;
			buildActionMask = 2147483647;
			files = (
				04FD95C6256511D6003AD795 /* LaunchScreen.storyboard in Resources */,
				04FD95C3256511D6003AD795 /* Assets.xcassets in Resources */,
				04FD95C1256511D3003AD795 /* SimpleVideo.storyboard in Resources */,
			);
			runOnlyForDeploymentPostprocessing = 0;
		};
		607FACCE1AFB9204008FA782 /* Resources */ = {
			isa = PBXResourcesBuildPhase;
			buildActionMask = 2147483647;
			files = (
				E112DB452079359D00DB69E8 /* Main.storyboard in Resources */,
				E191052C2352790B00E440C7 /* MonkeyTests.storyboard in Resources */,
				E116E2B5247896C000039943 /* SampleC.mp3 in Resources */,
				E116E2B4247896C000039943 /* SampleB.mp3 in Resources */,
				607FACE01AFB9204008FA782 /* LaunchScreen.xib in Resources */,
				E1A308AD20B5C032007ED482 /* noreason.txt in Resources */,
				E1FB26A8235789AD00277B40 /* SimpleAudio.storyboard in Resources */,
				607FACDD1AFB9204008FA782 /* Images.xcassets in Resources */,
				E1FD71B3236B828F0021B999 /* SimpleVideo.storyboard in Resources */,
				E1243FE12477D24E00B5F582 /* SimpleAudioQueue.storyboard in Resources */,
				E116E2B3247896C000039943 /* SampleA.mp3 in Resources */,
				E112DB482079365B00DB69E8 /* AllNew.mp3 in Resources */,
			);
			runOnlyForDeploymentPostprocessing = 0;
		};
		607FACE31AFB9204008FA782 /* Resources */ = {
			isa = PBXResourcesBuildPhase;
			buildActionMask = 2147483647;
			files = (
			);
			runOnlyForDeploymentPostprocessing = 0;
		};
/* End PBXResourcesBuildPhase section */

/* Begin PBXShellScriptBuildPhase section */
		21F78486C299F742B895EA09 /* [CP] Embed Pods Frameworks */ = {
			isa = PBXShellScriptBuildPhase;
			buildActionMask = 2147483647;
			files = (
			);
			inputPaths = (
				"${PODS_ROOT}/Target Support Files/Pods-ModernAVPlayer_Example/Pods-ModernAVPlayer_Example-frameworks.sh",
				"${BUILT_PRODUCTS_DIR}/ModernAVPlayer-iOS/ModernAVPlayer.framework",
				"${BUILT_PRODUCTS_DIR}/RxCocoa-iOS/RxCocoa.framework",
				"${BUILT_PRODUCTS_DIR}/RxRelay-iOS/RxRelay.framework",
				"${BUILT_PRODUCTS_DIR}/RxSwift-iOS/RxSwift.framework",
			);
			name = "[CP] Embed Pods Frameworks";
			outputPaths = (
				"${TARGET_BUILD_DIR}/${FRAMEWORKS_FOLDER_PATH}/ModernAVPlayer.framework",
				"${TARGET_BUILD_DIR}/${FRAMEWORKS_FOLDER_PATH}/RxCocoa.framework",
				"${TARGET_BUILD_DIR}/${FRAMEWORKS_FOLDER_PATH}/RxRelay.framework",
				"${TARGET_BUILD_DIR}/${FRAMEWORKS_FOLDER_PATH}/RxSwift.framework",
			);
			runOnlyForDeploymentPostprocessing = 0;
			shellPath = /bin/sh;
			shellScript = "\"${PODS_ROOT}/Target Support Files/Pods-ModernAVPlayer_Example/Pods-ModernAVPlayer_Example-frameworks.sh\"\n";
			showEnvVarsInLog = 0;
		};
		2E1A8167A7A027327798AC1F /* [CP] Embed Pods Frameworks */ = {
			isa = PBXShellScriptBuildPhase;
			buildActionMask = 2147483647;
			files = (
			);
			inputPaths = (
				"${PODS_ROOT}/Target Support Files/Pods-ModernAVPlayer_Tests/Pods-ModernAVPlayer_Tests-frameworks.sh",
				"${BUILT_PRODUCTS_DIR}/Nimble/Nimble.framework",
				"${BUILT_PRODUCTS_DIR}/Quick/Quick.framework",
				"${BUILT_PRODUCTS_DIR}/SwiftyMocky/SwiftyMocky.framework",
			);
			name = "[CP] Embed Pods Frameworks";
			outputPaths = (
				"${TARGET_BUILD_DIR}/${FRAMEWORKS_FOLDER_PATH}/Nimble.framework",
				"${TARGET_BUILD_DIR}/${FRAMEWORKS_FOLDER_PATH}/Quick.framework",
				"${TARGET_BUILD_DIR}/${FRAMEWORKS_FOLDER_PATH}/SwiftyMocky.framework",
			);
			runOnlyForDeploymentPostprocessing = 0;
			shellPath = /bin/sh;
			shellScript = "\"${PODS_ROOT}/Target Support Files/Pods-ModernAVPlayer_Tests/Pods-ModernAVPlayer_Tests-frameworks.sh\"\n";
			showEnvVarsInLog = 0;
		};
		30A94297BB5063122F548760 /* [CP] Check Pods Manifest.lock */ = {
			isa = PBXShellScriptBuildPhase;
			buildActionMask = 2147483647;
			files = (
			);
			inputFileListPaths = (
			);
			inputPaths = (
				"${PODS_PODFILE_DIR_PATH}/Podfile.lock",
				"${PODS_ROOT}/Manifest.lock",
			);
			name = "[CP] Check Pods Manifest.lock";
			outputFileListPaths = (
			);
			outputPaths = (
				"$(DERIVED_FILE_DIR)/Pods-ModernAVPlayer_Tests-checkManifestLockResult.txt",
			);
			runOnlyForDeploymentPostprocessing = 0;
			shellPath = /bin/sh;
			shellScript = "diff \"${PODS_PODFILE_DIR_PATH}/Podfile.lock\" \"${PODS_ROOT}/Manifest.lock\" > /dev/null\nif [ $? != 0 ] ; then\n    # print error to STDERR\n    echo \"error: The sandbox is not in sync with the Podfile.lock. Run 'pod install' or update your CocoaPods installation.\" >&2\n    exit 1\nfi\n# This output is used by Xcode 'outputs' to avoid re-running this script phase.\necho \"SUCCESS\" > \"${SCRIPT_OUTPUT_FILE_0}\"\n";
			showEnvVarsInLog = 0;
		};
		624B63932FAC98B01213EB05 /* [CP] Check Pods Manifest.lock */ = {
			isa = PBXShellScriptBuildPhase;
			buildActionMask = 2147483647;
			files = (
			);
			inputFileListPaths = (
			);
			inputPaths = (
				"${PODS_PODFILE_DIR_PATH}/Podfile.lock",
				"${PODS_ROOT}/Manifest.lock",
			);
			name = "[CP] Check Pods Manifest.lock";
			outputFileListPaths = (
			);
			outputPaths = (
				"$(DERIVED_FILE_DIR)/Pods-ModernAVPlayer_Example_tvOS-checkManifestLockResult.txt",
			);
			runOnlyForDeploymentPostprocessing = 0;
			shellPath = /bin/sh;
			shellScript = "diff \"${PODS_PODFILE_DIR_PATH}/Podfile.lock\" \"${PODS_ROOT}/Manifest.lock\" > /dev/null\nif [ $? != 0 ] ; then\n    # print error to STDERR\n    echo \"error: The sandbox is not in sync with the Podfile.lock. Run 'pod install' or update your CocoaPods installation.\" >&2\n    exit 1\nfi\n# This output is used by Xcode 'outputs' to avoid re-running this script phase.\necho \"SUCCESS\" > \"${SCRIPT_OUTPUT_FILE_0}\"\n";
			showEnvVarsInLog = 0;
		};
		C9A9DCDECBFAF33807B75FEF /* [CP] Embed Pods Frameworks */ = {
			isa = PBXShellScriptBuildPhase;
			buildActionMask = 2147483647;
			files = (
			);
			inputPaths = (
				"${PODS_ROOT}/Target Support Files/Pods-ModernAVPlayer_Example_tvOS/Pods-ModernAVPlayer_Example_tvOS-frameworks.sh",
				"${BUILT_PRODUCTS_DIR}/ModernAVPlayer-tvOS/ModernAVPlayer.framework",
				"${BUILT_PRODUCTS_DIR}/RxCocoa-tvOS/RxCocoa.framework",
				"${BUILT_PRODUCTS_DIR}/RxRelay-tvOS/RxRelay.framework",
				"${BUILT_PRODUCTS_DIR}/RxSwift-tvOS/RxSwift.framework",
			);
			name = "[CP] Embed Pods Frameworks";
			outputPaths = (
				"${TARGET_BUILD_DIR}/${FRAMEWORKS_FOLDER_PATH}/ModernAVPlayer.framework",
				"${TARGET_BUILD_DIR}/${FRAMEWORKS_FOLDER_PATH}/RxCocoa.framework",
				"${TARGET_BUILD_DIR}/${FRAMEWORKS_FOLDER_PATH}/RxRelay.framework",
				"${TARGET_BUILD_DIR}/${FRAMEWORKS_FOLDER_PATH}/RxSwift.framework",
			);
			runOnlyForDeploymentPostprocessing = 0;
			shellPath = /bin/sh;
			shellScript = "\"${PODS_ROOT}/Target Support Files/Pods-ModernAVPlayer_Example_tvOS/Pods-ModernAVPlayer_Example_tvOS-frameworks.sh\"\n";
			showEnvVarsInLog = 0;
		};
		D302F8579C551F612ACDF0A8 /* [CP] Check Pods Manifest.lock */ = {
			isa = PBXShellScriptBuildPhase;
			buildActionMask = 2147483647;
			files = (
			);
			inputFileListPaths = (
			);
			inputPaths = (
				"${PODS_PODFILE_DIR_PATH}/Podfile.lock",
				"${PODS_ROOT}/Manifest.lock",
			);
			name = "[CP] Check Pods Manifest.lock";
			outputFileListPaths = (
			);
			outputPaths = (
				"$(DERIVED_FILE_DIR)/Pods-ModernAVPlayer_Example-checkManifestLockResult.txt",
			);
			runOnlyForDeploymentPostprocessing = 0;
			shellPath = /bin/sh;
			shellScript = "diff \"${PODS_PODFILE_DIR_PATH}/Podfile.lock\" \"${PODS_ROOT}/Manifest.lock\" > /dev/null\nif [ $? != 0 ] ; then\n    # print error to STDERR\n    echo \"error: The sandbox is not in sync with the Podfile.lock. Run 'pod install' or update your CocoaPods installation.\" >&2\n    exit 1\nfi\n# This output is used by Xcode 'outputs' to avoid re-running this script phase.\necho \"SUCCESS\" > \"${SCRIPT_OUTPUT_FILE_0}\"\n";
			showEnvVarsInLog = 0;
		};
		E1459933207922F6001479E2 /* SwiftLint */ = {
			isa = PBXShellScriptBuildPhase;
			buildActionMask = 2147483647;
			files = (
			);
			inputPaths = (
			);
			name = SwiftLint;
			outputPaths = (
			);
			runOnlyForDeploymentPostprocessing = 0;
			shellPath = /bin/sh;
			shellScript = "${PODS_ROOT}/SwiftLint/swiftlint";
		};
		E1E419E224773FC900D84E54 /* Generate Mocks */ = {
			isa = PBXShellScriptBuildPhase;
			buildActionMask = 2147483647;
			files = (
			);
			inputFileListPaths = (
			);
			inputPaths = (
			);
			name = "Generate Mocks";
			outputFileListPaths = (
			);
			outputPaths = (
			);
			runOnlyForDeploymentPostprocessing = 0;
			shellPath = /bin/sh;
			shellScript = "# Mock generated file is track by git so this script is to avoid CI/CD server to install useless and generate them...\nif command -v swiftymocky >/dev/null 2>&1\nthen\n    swiftymocky generate\nelse\n    echo \"warning: swifty mocky is not installed. please visit: https://github.com/MakeAWishFoundation/SwiftyMocky#generation\"\nfi\n";
		};
/* End PBXShellScriptBuildPhase section */

/* Begin PBXSourcesBuildPhase section */
		04FD95B5256511D3003AD795 /* Sources */ = {
			isa = PBXSourcesBuildPhase;
			buildActionMask = 2147483647;
			files = (
				04FD95FE25652878003AD795 /* PlayerConfigurationExample.swift in Sources */,
				04FD95DE25652517003AD795 /* AVPlayerView.swift in Sources */,
				04FD960225652895003AD795 /* MediaResource.swift in Sources */,
				04FD95BE256511D3003AD795 /* SimpleVideo.swift in Sources */,
				04FD95BC256511D3003AD795 /* AppDelegate.swift in Sources */,
			);
			runOnlyForDeploymentPostprocessing = 0;
		};
		607FACCC1AFB9204008FA782 /* Sources */ = {
			isa = PBXSourcesBuildPhase;
			buildActionMask = 2147483647;
			files = (
				E1CE54A9236BBCE0009A5236 /* AVPlayerView.swift in Sources */,
				E10B20E721C9557E00924E1D /* PlayerConfigurationExample.swift in Sources */,
				E116E2AF24788F4300039943 /* AudioQueueLibrary.swift in Sources */,
				E10B20E521C94F7400924E1D /* RemoteCommandExample.swift in Sources */,
				E191052F23527A3100E440C7 /* MediaResource.swift in Sources */,
				E1FB26A62357898A00277B40 /* SimpleAudioVC.swift in Sources */,
				E191052A235276D600E440C7 /* DemoScreen.swift in Sources */,
				E1FD71B1236B81DF0021B999 /* SimpleVideo.swift in Sources */,
				E12D8B5620792AE300A84A5E /* ViewController.swift in Sources */,
				E116E2AB2478863300039943 /* AudioQueueRemoteExample.swift in Sources */,
				E19F1ABE235922FD00535291 /* Helper.swift in Sources */,
				E1243FE32477D2AE00B5F582 /* SimpleAudioQueueVC.swift in Sources */,
				E1910528235274A500E440C7 /* TableViewController.swift in Sources */,
				E116E2AD24788ED900039943 /* AudioQueueResource.swift in Sources */,
				607FACD61AFB9204008FA782 /* AppDelegate.swift in Sources */,
			);
			runOnlyForDeploymentPostprocessing = 0;
		};
		607FACE11AFB9204008FA782 /* Sources */ = {
			isa = PBXSourcesBuildPhase;
			buildActionMask = 2147483647;
			files = (
				E16368B22097572E00E69DAB /* ReachabilityServiceTests.swift in Sources */,
				E11EE8C8216CEA8600ABF06B /* PluginPausedStateSpecs.swift in Sources */,
				E11EE8D2216D011700ABF06B /* PluginWaitingNetworkStateSpecs.swift in Sources */,
				E1F3E91421DCEC75004EB717 /* MockPlayerPlugin.swift in Sources */,
				E167A4BF21A30F4C00182C72 /* PluginPlayingStateSpecs.swift in Sources */,
				45D49A6320936CC100F63ACF /* MockItemPlaybackObservingService.swift in Sources */,
				E152D530207A472500E0347C /* PlayingStateSpecs.swift in Sources */,
				E152D521207A45A100E0347C /* MockPlayerItem.swift in Sources */,
				E1A6C254236EE08900416A62 /* SeekServiceTests.swift in Sources */,
				E1EFA9AA20B44811002605A9 /* WaitingNetworkStateTests.swift in Sources */,
				E1272948209B6721007583DB /* InterruptionAudioServiceTests.swift in Sources */,
				E152D52D207A472500E0347C /* PausedStateSpecs.swift in Sources */,
				E186A1812126D2F0002B1455 /* MockMPRemoteCommand.swift in Sources */,
				E1683B1C2099F48D0041B0F8 /* MockURLSessionDataTask.swift in Sources */,
				45D49A5F2093656100F63ACF /* MockObservingRateService.swift in Sources */,
				E152D52C207A472500E0347C /* StoppedStateSpecs.swift in Sources */,
				E11EE8CA216CF43400ABF06B /* MatchPlayerMedia.swift in Sources */,
				E1616A3F2126FC860067D3F5 /* MockMPRemoteCommandCenter.swift in Sources */,
				E152D532207A472500E0347C /* FailedStateTests.swift in Sources */,
				E167A4C521A31E1400182C72 /* PluginBufferingStateSpecs.swift in Sources */,
				E167A4C121A31AB000182C72 /* PluginLoadedStateSpecs.swift in Sources */,
				E16368B62097654E00E69DAB /* MockTimer.swift in Sources */,
				E152D52E207A472500E0347C /* LoadingMediaStateSpecs.swift in Sources */,
				E167A06C20E38EE000B9FA3D /* MockPlayerMediaMetadata.swift in Sources */,
				E152D52F207A472500E0347C /* LoadedStateSpecs.swift in Sources */,
				E152D520207A45A100E0347C /* MockAVAsset.swift in Sources */,
				E152D531207A472500E0347C /* BufferingStateSpecs.swift in Sources */,
				E179853C2383498A0065B323 /* AVPlayerItemInitServiceTests.swift in Sources */,
				E167A4C721A320CE00182C72 /* PluginLoadingStateSpecs.swift in Sources */,
				E11EE8D0216CF9D800ABF06B /* PluginInitSpecs.swift in Sources */,
				45494C7B209378B3005C3DE2 /* ItemPlaybackObservingServiceTests.swift in Sources */,
				E167A06A20E38EAD00B9FA3D /* MockPlayerMedia.swift in Sources */,
				E14B4CF9215F5BA300E02DE1 /* PlayerMediaSpecs.swift in Sources */,
				E1A4C32E209B06F1000580F5 /* RouteAudioServiceTests.swift in Sources */,
				E167A4C921A3237000182C72 /* PluginPlayerContextSpecs.swift in Sources */,
				E152D522207A45A100E0347C /* MockCustomPlayer.swift in Sources */,
				E12CC731216AE7F800109A16 /* Mock.generated.swift in Sources */,
				E152D533207A472500E0347C /* InitStateTests.swift in Sources */,
				E16FFBD521A3095F00004A90 /* PluginFailedStateSpecs.swift in Sources */,
				E11EE8CE216CF79E00ABF06B /* PluginStopppedStateSpecs.swift in Sources */,
				E16368B42097610900E69DAB /* MockDataTaskFactory.swift in Sources */,
				E1050F76207A44B100A7F540 /* PlayerContextTests.swift in Sources */,
				E19C9D672109B4D900FDA0D7 /* MockPlayerContextDelegate.swift in Sources */,
			);
			runOnlyForDeploymentPostprocessing = 0;
		};
/* End PBXSourcesBuildPhase section */

/* Begin PBXTargetDependency section */
		607FACE71AFB9204008FA782 /* PBXTargetDependency */ = {
			isa = PBXTargetDependency;
			target = 607FACCF1AFB9204008FA782 /* ModernAVPlayer_Example */;
			targetProxy = 607FACE61AFB9204008FA782 /* PBXContainerItemProxy */;
		};
/* End PBXTargetDependency section */

/* Begin PBXVariantGroup section */
		04FD95BF256511D3003AD795 /* SimpleVideo.storyboard */ = {
			isa = PBXVariantGroup;
			children = (
				04FD95C0256511D3003AD795 /* Base */,
			);
			name = SimpleVideo.storyboard;
			sourceTree = "<group>";
		};
		04FD95C4256511D6003AD795 /* LaunchScreen.storyboard */ = {
			isa = PBXVariantGroup;
			children = (
				04FD95C5256511D6003AD795 /* Base */,
			);
			name = LaunchScreen.storyboard;
			sourceTree = "<group>";
		};
		607FACDE1AFB9204008FA782 /* LaunchScreen.xib */ = {
			isa = PBXVariantGroup;
			children = (
				607FACDF1AFB9204008FA782 /* Base */,
			);
			name = LaunchScreen.xib;
			sourceTree = "<group>";
		};
/* End PBXVariantGroup section */

/* Begin XCBuildConfiguration section */
		04FD95C8256511D6003AD795 /* Debug */ = {
			isa = XCBuildConfiguration;
			baseConfigurationReference = 62A4088B663B49E775CBAFB1 /* Pods-ModernAVPlayer_Example_tvOS.debug.xcconfig */;
			buildSettings = {
				ASSETCATALOG_COMPILER_APPICON_NAME = "App Icon & Top Shelf Image";
				ASSETCATALOG_COMPILER_GLOBAL_ACCENT_COLOR_NAME = AccentColor;
				CLANG_ANALYZER_NONNULL = YES;
				CLANG_ANALYZER_NUMBER_OBJECT_CONVERSION = YES_AGGRESSIVE;
				CLANG_CXX_LANGUAGE_STANDARD = "gnu++14";
				CLANG_ENABLE_OBJC_WEAK = YES;
				CLANG_WARN_DOCUMENTATION_COMMENTS = YES;
				CLANG_WARN_QUOTED_INCLUDE_IN_FRAMEWORK_HEADER = YES;
				CLANG_WARN_UNGUARDED_AVAILABILITY = YES_AGGRESSIVE;
				CODE_SIGN_STYLE = Automatic;
				CURRENT_PROJECT_VERSION = 20201119.2306;
				DEBUG_INFORMATION_FORMAT = dwarf;
				GCC_C_LANGUAGE_STANDARD = gnu11;
				INFOPLIST_FILE = "tvOS Example/Domains/Supporting Files/Info.plist";
				LD_RUNPATH_SEARCH_PATHS = "$(inherited) @executable_path/Frameworks";
				MARKETING_VERSION = 1.7.1;
				MTL_ENABLE_DEBUG_INFO = INCLUDE_SOURCE;
				MTL_FAST_MATH = YES;
				PRODUCT_BUNDLE_IDENTIFIER = com.tvOS.modernavplayer;
				PRODUCT_NAME = "$(TARGET_NAME)";
				SDKROOT = appletvos;
				SWIFT_ACTIVE_COMPILATION_CONDITIONS = DEBUG;
				SWIFT_VERSION = 5.0;
				TARGETED_DEVICE_FAMILY = 3;
				TVOS_DEPLOYMENT_TARGET = 10.0;
			};
			name = Debug;
		};
		04FD95C9256511D6003AD795 /* Release */ = {
			isa = XCBuildConfiguration;
			baseConfigurationReference = 417031D76555A7A0EE3E6A68 /* Pods-ModernAVPlayer_Example_tvOS.release.xcconfig */;
			buildSettings = {
				ASSETCATALOG_COMPILER_APPICON_NAME = "App Icon & Top Shelf Image";
				ASSETCATALOG_COMPILER_GLOBAL_ACCENT_COLOR_NAME = AccentColor;
				CLANG_ANALYZER_NONNULL = YES;
				CLANG_ANALYZER_NUMBER_OBJECT_CONVERSION = YES_AGGRESSIVE;
				CLANG_CXX_LANGUAGE_STANDARD = "gnu++14";
				CLANG_ENABLE_OBJC_WEAK = YES;
				CLANG_WARN_DOCUMENTATION_COMMENTS = YES;
				CLANG_WARN_QUOTED_INCLUDE_IN_FRAMEWORK_HEADER = YES;
				CLANG_WARN_UNGUARDED_AVAILABILITY = YES_AGGRESSIVE;
				CODE_SIGN_STYLE = Automatic;
				CURRENT_PROJECT_VERSION = 20201119.2306;
				GCC_C_LANGUAGE_STANDARD = gnu11;
				INFOPLIST_FILE = "tvOS Example/Domains/Supporting Files/Info.plist";
				LD_RUNPATH_SEARCH_PATHS = "$(inherited) @executable_path/Frameworks";
				MARKETING_VERSION = 1.7.1;
				MTL_FAST_MATH = YES;
				PRODUCT_BUNDLE_IDENTIFIER = com.tvOS.modernavplayer;
				PRODUCT_NAME = "$(TARGET_NAME)";
				SDKROOT = appletvos;
				SWIFT_VERSION = 5.0;
				TARGETED_DEVICE_FAMILY = 3;
				TVOS_DEPLOYMENT_TARGET = 10.0;
			};
			name = Release;
		};
		607FACED1AFB9204008FA782 /* Debug */ = {
			isa = XCBuildConfiguration;
			buildSettings = {
				ALWAYS_SEARCH_USER_PATHS = NO;
				CLANG_ANALYZER_LOCALIZABILITY_NONLOCALIZED = YES;
				CLANG_CXX_LANGUAGE_STANDARD = "gnu++0x";
				CLANG_CXX_LIBRARY = "libc++";
				CLANG_ENABLE_MODULES = YES;
				CLANG_ENABLE_OBJC_ARC = YES;
				CLANG_WARN_BLOCK_CAPTURE_AUTORELEASING = YES;
				CLANG_WARN_BOOL_CONVERSION = YES;
				CLANG_WARN_COMMA = YES;
				CLANG_WARN_CONSTANT_CONVERSION = YES;
				CLANG_WARN_DEPRECATED_OBJC_IMPLEMENTATIONS = YES;
				CLANG_WARN_DIRECT_OBJC_ISA_USAGE = YES_ERROR;
				CLANG_WARN_EMPTY_BODY = YES;
				CLANG_WARN_ENUM_CONVERSION = YES;
				CLANG_WARN_INFINITE_RECURSION = YES;
				CLANG_WARN_INT_CONVERSION = YES;
				CLANG_WARN_NON_LITERAL_NULL_CONVERSION = YES;
				CLANG_WARN_OBJC_IMPLICIT_RETAIN_SELF = YES;
				CLANG_WARN_OBJC_LITERAL_CONVERSION = YES;
				CLANG_WARN_OBJC_ROOT_CLASS = YES_ERROR;
				CLANG_WARN_RANGE_LOOP_ANALYSIS = YES;
				CLANG_WARN_STRICT_PROTOTYPES = YES;
				CLANG_WARN_SUSPICIOUS_MOVE = YES;
				CLANG_WARN_UNREACHABLE_CODE = YES;
				CLANG_WARN__DUPLICATE_METHOD_MATCH = YES;
				"CODE_SIGN_IDENTITY[sdk=iphoneos*]" = "iPhone Developer";
				COPY_PHASE_STRIP = NO;
				DEBUG_INFORMATION_FORMAT = "dwarf-with-dsym";
				ENABLE_STRICT_OBJC_MSGSEND = YES;
				ENABLE_TESTABILITY = YES;
				GCC_C_LANGUAGE_STANDARD = gnu99;
				GCC_DYNAMIC_NO_PIC = NO;
				GCC_NO_COMMON_BLOCKS = YES;
				GCC_OPTIMIZATION_LEVEL = 0;
				GCC_PREPROCESSOR_DEFINITIONS = (
					"DEBUG=1",
					"$(inherited)",
				);
				GCC_SYMBOLS_PRIVATE_EXTERN = NO;
				GCC_WARN_64_TO_32_BIT_CONVERSION = YES;
				GCC_WARN_ABOUT_RETURN_TYPE = YES_ERROR;
				GCC_WARN_UNDECLARED_SELECTOR = YES;
				GCC_WARN_UNINITIALIZED_AUTOS = YES_AGGRESSIVE;
				GCC_WARN_UNUSED_FUNCTION = YES;
				GCC_WARN_UNUSED_VARIABLE = YES;
				IPHONEOS_DEPLOYMENT_TARGET = 10.0;
				MTL_ENABLE_DEBUG_INFO = YES;
				ONLY_ACTIVE_ARCH = YES;
				SDKROOT = iphoneos;
				SWIFT_OPTIMIZATION_LEVEL = "-Onone";
			};
			name = Debug;
		};
		607FACEE1AFB9204008FA782 /* Release */ = {
			isa = XCBuildConfiguration;
			buildSettings = {
				ALWAYS_SEARCH_USER_PATHS = NO;
				CLANG_ANALYZER_LOCALIZABILITY_NONLOCALIZED = YES;
				CLANG_CXX_LANGUAGE_STANDARD = "gnu++0x";
				CLANG_CXX_LIBRARY = "libc++";
				CLANG_ENABLE_MODULES = YES;
				CLANG_ENABLE_OBJC_ARC = YES;
				CLANG_WARN_BLOCK_CAPTURE_AUTORELEASING = YES;
				CLANG_WARN_BOOL_CONVERSION = YES;
				CLANG_WARN_COMMA = YES;
				CLANG_WARN_CONSTANT_CONVERSION = YES;
				CLANG_WARN_DEPRECATED_OBJC_IMPLEMENTATIONS = YES;
				CLANG_WARN_DIRECT_OBJC_ISA_USAGE = YES_ERROR;
				CLANG_WARN_EMPTY_BODY = YES;
				CLANG_WARN_ENUM_CONVERSION = YES;
				CLANG_WARN_INFINITE_RECURSION = YES;
				CLANG_WARN_INT_CONVERSION = YES;
				CLANG_WARN_NON_LITERAL_NULL_CONVERSION = YES;
				CLANG_WARN_OBJC_IMPLICIT_RETAIN_SELF = YES;
				CLANG_WARN_OBJC_LITERAL_CONVERSION = YES;
				CLANG_WARN_OBJC_ROOT_CLASS = YES_ERROR;
				CLANG_WARN_RANGE_LOOP_ANALYSIS = YES;
				CLANG_WARN_STRICT_PROTOTYPES = YES;
				CLANG_WARN_SUSPICIOUS_MOVE = YES;
				CLANG_WARN_UNREACHABLE_CODE = YES;
				CLANG_WARN__DUPLICATE_METHOD_MATCH = YES;
				"CODE_SIGN_IDENTITY[sdk=iphoneos*]" = "iPhone Developer";
				COPY_PHASE_STRIP = NO;
				DEBUG_INFORMATION_FORMAT = "dwarf-with-dsym";
				ENABLE_NS_ASSERTIONS = NO;
				ENABLE_STRICT_OBJC_MSGSEND = YES;
				GCC_C_LANGUAGE_STANDARD = gnu99;
				GCC_NO_COMMON_BLOCKS = YES;
				GCC_WARN_64_TO_32_BIT_CONVERSION = YES;
				GCC_WARN_ABOUT_RETURN_TYPE = YES_ERROR;
				GCC_WARN_UNDECLARED_SELECTOR = YES;
				GCC_WARN_UNINITIALIZED_AUTOS = YES_AGGRESSIVE;
				GCC_WARN_UNUSED_FUNCTION = YES;
				GCC_WARN_UNUSED_VARIABLE = YES;
				IPHONEOS_DEPLOYMENT_TARGET = 10.0;
				MTL_ENABLE_DEBUG_INFO = NO;
				SDKROOT = iphoneos;
				SWIFT_OPTIMIZATION_LEVEL = "-Owholemodule";
				VALIDATE_PRODUCT = YES;
			};
			name = Release;
		};
		607FACF01AFB9204008FA782 /* Debug */ = {
			isa = XCBuildConfiguration;
			baseConfigurationReference = 49355693E96F47D037956D70 /* Pods-ModernAVPlayer_Example.debug.xcconfig */;
			buildSettings = {
				ASSETCATALOG_COMPILER_APPICON_NAME = AppIcon;
				CODE_SIGN_IDENTITY = "Apple Development";
				CODE_SIGN_STYLE = Automatic;
				CURRENT_PROJECT_VERSION = 20201119.2306;
				DEVELOPMENT_TEAM = UNDCF9JXB2;
				INFOPLIST_FILE = Example/Info.plist;
				LD_RUNPATH_SEARCH_PATHS = "$(inherited) @executable_path/Frameworks";
				MARKETING_VERSION = 1.3.0;
				MODULE_NAME = ExampleApp;
				PODS_PODFILE_DIR_PATH = "$(inherited)";
				PRODUCT_BUNDLE_IDENTIFIER = com.iOS.modernavplayer;
				PRODUCT_NAME = "$(TARGET_NAME)";
				PROVISIONING_PROFILE = Automatic;
				PROVISIONING_PROFILE_SPECIFIER = "";
				SWIFT_VERSION = 5.0;
				TARGETED_DEVICE_FAMILY = "1,2";
				VERSIONING_SYSTEM = "apple-generic";
			};
			name = Debug;
		};
		607FACF11AFB9204008FA782 /* Release */ = {
			isa = XCBuildConfiguration;
			baseConfigurationReference = 83B8F9DDE58494C9890F1EA3 /* Pods-ModernAVPlayer_Example.release.xcconfig */;
			buildSettings = {
				ASSETCATALOG_COMPILER_APPICON_NAME = AppIcon;
				CODE_SIGN_STYLE = Manual;
				CURRENT_PROJECT_VERSION = 20201119.2306;
				DEVELOPMENT_TEAM = 95Y7JDW7K4;
				INFOPLIST_FILE = Example/Info.plist;
				LD_RUNPATH_SEARCH_PATHS = "$(inherited) @executable_path/Frameworks";
				MARKETING_VERSION = 1.3.0;
				MODULE_NAME = ExampleApp;
				PODS_PODFILE_DIR_PATH = "$(inherited)";
				PRODUCT_BUNDLE_IDENTIFIER = com.iOS.modernavplayer;
				PRODUCT_NAME = "$(TARGET_NAME)";
				PROVISIONING_PROFILE = Automatic;
				PROVISIONING_PROFILE_SPECIFIER = ModernAVPlayer;
				SWIFT_VERSION = 5.0;
				TARGETED_DEVICE_FAMILY = "1,2";
				VERSIONING_SYSTEM = "apple-generic";
			};
			name = Release;
		};
		607FACF31AFB9204008FA782 /* Debug */ = {
			isa = XCBuildConfiguration;
			baseConfigurationReference = 2C203F42C9A7F42D1451B19A /* Pods-ModernAVPlayer_Tests.debug.xcconfig */;
			buildSettings = {
				"CODE_SIGN_IDENTITY[sdk=macosx*]" = "-";
				CODE_SIGN_STYLE = Manual;
				DEVELOPMENT_TEAM = UNDCF9JXB2;
				FRAMEWORK_SEARCH_PATHS = "$(inherited)";
				GCC_PREPROCESSOR_DEFINITIONS = (
					"DEBUG=1",
					"$(inherited)",
				);
				INFOPLIST_FILE = Tests/Info.plist;
				LD_RUNPATH_SEARCH_PATHS = "$(inherited) @executable_path/Frameworks @loader_path/Frameworks";
				PODS_PODFILE_DIR_PATH = "$(inherited)";
				PRODUCT_BUNDLE_IDENTIFIER = "org.cocoapods.$(PRODUCT_NAME:rfc1034identifier)";
				PRODUCT_NAME = "$(TARGET_NAME)";
				PROVISIONING_PROFILE_SPECIFIER = "";
				SWIFT_VERSION = 5.0;
				TEST_HOST = "$(BUILT_PRODUCTS_DIR)/ModernAVPlayer_Example.app/ModernAVPlayer_Example";
			};
			name = Debug;
		};
		607FACF41AFB9204008FA782 /* Release */ = {
			isa = XCBuildConfiguration;
			baseConfigurationReference = F136F2B325E74716C2E6D45B /* Pods-ModernAVPlayer_Tests.release.xcconfig */;
			buildSettings = {
				"CODE_SIGN_IDENTITY[sdk=macosx*]" = "-";
				CODE_SIGN_STYLE = Manual;
				DEVELOPMENT_TEAM = UNDCF9JXB2;
				FRAMEWORK_SEARCH_PATHS = "$(inherited)";
				INFOPLIST_FILE = Tests/Info.plist;
				LD_RUNPATH_SEARCH_PATHS = "$(inherited) @executable_path/Frameworks @loader_path/Frameworks";
				PODS_PODFILE_DIR_PATH = "$(inherited)";
				PRODUCT_BUNDLE_IDENTIFIER = "org.cocoapods.$(PRODUCT_NAME:rfc1034identifier)";
				PRODUCT_NAME = "$(TARGET_NAME)";
				PROVISIONING_PROFILE_SPECIFIER = "";
				SWIFT_VERSION = 5.0;
				TEST_HOST = "$(BUILT_PRODUCTS_DIR)/ModernAVPlayer_Example.app/ModernAVPlayer_Example";
			};
			name = Release;
		};
/* End XCBuildConfiguration section */

/* Begin XCConfigurationList section */
		04FD95CA256511D6003AD795 /* Build configuration list for PBXNativeTarget "ModernAVPlayer_Example_tvOS" */ = {
			isa = XCConfigurationList;
			buildConfigurations = (
				04FD95C8256511D6003AD795 /* Debug */,
				04FD95C9256511D6003AD795 /* Release */,
			);
			defaultConfigurationIsVisible = 0;
			defaultConfigurationName = Debug;
		};
		607FACCB1AFB9204008FA782 /* Build configuration list for PBXProject "ModernAVPlayer" */ = {
			isa = XCConfigurationList;
			buildConfigurations = (
				607FACED1AFB9204008FA782 /* Debug */,
				607FACEE1AFB9204008FA782 /* Release */,
			);
			defaultConfigurationIsVisible = 0;
			defaultConfigurationName = Debug;
		};
		607FACEF1AFB9204008FA782 /* Build configuration list for PBXNativeTarget "ModernAVPlayer_Example" */ = {
			isa = XCConfigurationList;
			buildConfigurations = (
				607FACF01AFB9204008FA782 /* Debug */,
				607FACF11AFB9204008FA782 /* Release */,
			);
			defaultConfigurationIsVisible = 0;
			defaultConfigurationName = Debug;
		};
		607FACF21AFB9204008FA782 /* Build configuration list for PBXNativeTarget "ModernAVPlayer_Tests" */ = {
			isa = XCConfigurationList;
			buildConfigurations = (
				607FACF31AFB9204008FA782 /* Debug */,
				607FACF41AFB9204008FA782 /* Release */,
			);
			defaultConfigurationIsVisible = 0;
			defaultConfigurationName = Debug;
		};
/* End XCConfigurationList section */
	};
	rootObject = 607FACC81AFB9204008FA782 /* Project object */;
}
